// !$*UTF8*$!
{
	archiveVersion = 1;
	classes = {
	};
	objectVersion = 56;
	objects = {

/* Begin PBXBuildFile section */
		832EF38A2B8071C00066A1BF /* RestrictionsLocationServicesView.swift in Sources */ = {isa = PBXBuildFile; fileRef = 832EF3892B8071C00066A1BF /* RestrictionsLocationServicesView.swift */; };
		832EF38C2B81264E0066A1BF /* LocationAlertsView.swift in Sources */ = {isa = PBXBuildFile; fileRef = 832EF38B2B81264E0066A1BF /* LocationAlertsView.swift */; };
		832EF38F2B814EC80066A1BF /* LocationPermissionsDetailView.swift in Sources */ = {isa = PBXBuildFile; fileRef = 832EF38E2B814EC80066A1BF /* LocationPermissionsDetailView.swift */; };
		832EF3912B8172560066A1BF /* AppClipsView.swift in Sources */ = {isa = PBXBuildFile; fileRef = 832EF3902B8172560066A1BF /* AppClipsView.swift */; };
		832EF3932B8179070066A1BF /* SystemServicesView.swift in Sources */ = {isa = PBXBuildFile; fileRef = 832EF3922B8179070066A1BF /* SystemServicesView.swift */; };
		832EF3952B8182550066A1BF /* ContentPrivacyRestrictionsDetailView.swift in Sources */ = {isa = PBXBuildFile; fileRef = 832EF3942B8182550066A1BF /* ContentPrivacyRestrictionsDetailView.swift */; };
		832EF3982B8190430066A1BF /* DateFormatView.swift in Sources */ = {isa = PBXBuildFile; fileRef = 832EF3972B8190430066A1BF /* DateFormatView.swift */; };
		832EF39B2B8192A90066A1BF /* DictationShortcutView.swift in Sources */ = {isa = PBXBuildFile; fileRef = 832EF39A2B8192A90066A1BF /* DictationShortcutView.swift */; };
		832EF39D2B8193B50066A1BF /* OneHandedKeyboardView.swift in Sources */ = {isa = PBXBuildFile; fileRef = 832EF39C2B8193B50066A1BF /* OneHandedKeyboardView.swift */; };
		832EF39F2B8197980066A1BF /* TextReplacementView.swift in Sources */ = {isa = PBXBuildFile; fileRef = 832EF39E2B8197980066A1BF /* TextReplacementView.swift */; };
		832EF3A22B8198570066A1BF /* AddTextReplacementView.swift in Sources */ = {isa = PBXBuildFile; fileRef = 832EF3A12B8198570066A1BF /* AddTextReplacementView.swift */; };
		832EF3A42B8199FA0066A1BF /* HardwareKeyboardView.swift in Sources */ = {isa = PBXBuildFile; fileRef = 832EF3A32B8199FA0066A1BF /* HardwareKeyboardView.swift */; };
		832EF3A72B819B2E0066A1BF /* ModifierKeysView.swift in Sources */ = {isa = PBXBuildFile; fileRef = 832EF3A62B819B2E0066A1BF /* ModifierKeysView.swift */; };
		832EF3A92B819BB90066A1BF /* HardwareKeyboardLanguageView.swift in Sources */ = {isa = PBXBuildFile; fileRef = 832EF3A82B819BB90066A1BF /* HardwareKeyboardLanguageView.swift */; };
		832EF3AB2B819C2A0066A1BF /* KeyboardsView.swift in Sources */ = {isa = PBXBuildFile; fileRef = 832EF3AA2B819C2A0066A1BF /* KeyboardsView.swift */; };
		833F0AD02B744D180036EAD2 /* PreferencesApp.swift in Sources */ = {isa = PBXBuildFile; fileRef = 833F0ACF2B744D180036EAD2 /* PreferencesApp.swift */; };
		833F0AD22B744D180036EAD2 /* ContentView.swift in Sources */ = {isa = PBXBuildFile; fileRef = 833F0AD12B744D180036EAD2 /* ContentView.swift */; };
		833F0AD42B744D190036EAD2 /* Assets.xcassets in Resources */ = {isa = PBXBuildFile; fileRef = 833F0AD32B744D190036EAD2 /* Assets.xcassets */; };
		833F0AD72B744D190036EAD2 /* Preview Assets.xcassets in Resources */ = {isa = PBXBuildFile; fileRef = 833F0AD62B744D190036EAD2 /* Preview Assets.xcassets */; };
		835683922B753FDD000FB136 /* SettingsLink.swift in Sources */ = {isa = PBXBuildFile; fileRef = 835683912B753FDD000FB136 /* SettingsLink.swift */; };
		835683942B754623000FB136 /* SettingsLabel.swift in Sources */ = {isa = PBXBuildFile; fileRef = 835683932B754623000FB136 /* SettingsLabel.swift */; };
		835683972B754EE4000FB136 /* VersionView.swift in Sources */ = {isa = PBXBuildFile; fileRef = 835683962B754EE4000FB136 /* VersionView.swift */; };
		835683992B7551D3000FB136 /* CertificateTrustSettingsView.swift in Sources */ = {isa = PBXBuildFile; fileRef = 835683982B7551D3000FB136 /* CertificateTrustSettingsView.swift */; };
		8356839B2B755AB3000FB136 /* KeyboardView.swift in Sources */ = {isa = PBXBuildFile; fileRef = 8356839A2B755AB3000FB136 /* KeyboardView.swift */; };
		837C03072B7F192F004D6C71 /* AppInstallationsPurchasesView.swift in Sources */ = {isa = PBXBuildFile; fileRef = 837C03062B7F192F004D6C71 /* AppInstallationsPurchasesView.swift */; };
		837C03092B7F1AE0004D6C71 /* AllowDenySelection.swift in Sources */ = {isa = PBXBuildFile; fileRef = 837C03082B7F1AE0004D6C71 /* AllowDenySelection.swift */; };
		83815CDF2B768C2200F53A0F /* AccessibilityView.swift in Sources */ = {isa = PBXBuildFile; fileRef = 83815CDE2B768C2200F53A0F /* AccessibilityView.swift */; };
		83815CE12B768CF300F53A0F /* MultitaskingGesturesView.swift in Sources */ = {isa = PBXBuildFile; fileRef = 83815CE02B768CF300F53A0F /* MultitaskingGesturesView.swift */; };
		83815CE32B768D5800F53A0F /* PrivacySecurityView.swift in Sources */ = {isa = PBXBuildFile; fileRef = 83815CE22B768D5800F53A0F /* PrivacySecurityView.swift */; };
		83815CE52B768DBA00F53A0F /* PasswordsView.swift in Sources */ = {isa = PBXBuildFile; fileRef = 83815CE42B768DBA00F53A0F /* PasswordsView.swift */; };
		83815CE72B768DF100F53A0F /* SafariView.swift in Sources */ = {isa = PBXBuildFile; fileRef = 83815CE62B768DF100F53A0F /* SafariView.swift */; };
		83815CE92B768E3600F53A0F /* NewsView.swift in Sources */ = {isa = PBXBuildFile; fileRef = 83815CE82B768E3600F53A0F /* NewsView.swift */; };
		83815CEB2B768E4A00F53A0F /* TranslateView.swift in Sources */ = {isa = PBXBuildFile; fileRef = 83815CEA2B768E4A00F53A0F /* TranslateView.swift */; };
		83815CED2B768E8300F53A0F /* MapsView.swift in Sources */ = {isa = PBXBuildFile; fileRef = 83815CEC2B768E8300F53A0F /* MapsView.swift */; };
		83815CEF2B768EF000F53A0F /* ShortcutsView.swift in Sources */ = {isa = PBXBuildFile; fileRef = 83815CEE2B768EF000F53A0F /* ShortcutsView.swift */; };
		83815CF12B768F0500F53A0F /* HealthView.swift in Sources */ = {isa = PBXBuildFile; fileRef = 83815CF02B768F0500F53A0F /* HealthView.swift */; };
		83815CF32B768F1E00F53A0F /* SiriSearchView.swift in Sources */ = {isa = PBXBuildFile; fileRef = 83815CF22B768F1E00F53A0F /* SiriSearchView.swift */; };
		83815CF52B768F3600F53A0F /* PhotosView.swift in Sources */ = {isa = PBXBuildFile; fileRef = 83815CF42B768F3600F53A0F /* PhotosView.swift */; };
		83815CF72B768F4800F53A0F /* GameCenterView.swift in Sources */ = {isa = PBXBuildFile; fileRef = 83815CF62B768F4800F53A0F /* GameCenterView.swift */; };
		83815CF92B768F5C00F53A0F /* DeveloperView.swift in Sources */ = {isa = PBXBuildFile; fileRef = 83815CF82B768F5C00F53A0F /* DeveloperView.swift */; };
		83815CFB2B76908700F53A0F /* ActionButtonView.swift in Sources */ = {isa = PBXBuildFile; fileRef = 83815CFA2B76908700F53A0F /* ActionButtonView.swift */; };
		8382739C2B7F21E4000F4228 /* AllowedAppsView.swift in Sources */ = {isa = PBXBuildFile; fileRef = 8382739B2B7F21E4000F4228 /* AllowedAppsView.swift */; };
		8382739E2B7F25D4000F4228 /* ContentRestrictionsView.swift in Sources */ = {isa = PBXBuildFile; fileRef = 8382739D2B7F25D4000F4228 /* ContentRestrictionsView.swift */; };
		838273A12B7F28D6000F4228 /* MoviesView.swift in Sources */ = {isa = PBXBuildFile; fileRef = 838273A02B7F28D6000F4228 /* MoviesView.swift */; };
		838273A32B7FD37B000F4228 /* TVView.swift in Sources */ = {isa = PBXBuildFile; fileRef = 838273A22B7FD37B000F4228 /* TVView.swift */; };
		838273A52B7FD4CF000F4228 /* AppsView.swift in Sources */ = {isa = PBXBuildFile; fileRef = 838273A42B7FD4CF000F4228 /* AppsView.swift */; };
		838A9EC22B7E81EC00ED261C /* ContentPrivacyRestrictionsView.swift in Sources */ = {isa = PBXBuildFile; fileRef = 838A9EC12B7E81EC00ED261C /* ContentPrivacyRestrictionsView.swift */; };
		838A9EC42B7E823300ED261C /* CustomNavigationLink.swift in Sources */ = {isa = PBXBuildFile; fileRef = 838A9EC32B7E823300ED261C /* CustomNavigationLink.swift */; };
		838C23232B746CF90053D4C5 /* GeneralView.swift in Sources */ = {isa = PBXBuildFile; fileRef = 838C23222B746CF90053D4C5 /* GeneralView.swift */; };
		838C23262B746D290053D4C5 /* SettingsModel.swift in Sources */ = {isa = PBXBuildFile; fileRef = 838C23252B746D290053D4C5 /* SettingsModel.swift */; };
		838C23292B748F3B0053D4C5 /* ScreenTimeView.swift in Sources */ = {isa = PBXBuildFile; fileRef = 838C23282B748F3B0053D4C5 /* ScreenTimeView.swift */; };
		838C232B2B7492170053D4C5 /* CustomList.swift in Sources */ = {isa = PBXBuildFile; fileRef = 838C232A2B7492170053D4C5 /* CustomList.swift */; };
		838C232E2B7497530053D4C5 /* AboutView.swift in Sources */ = {isa = PBXBuildFile; fileRef = 838C232D2B7497530053D4C5 /* AboutView.swift */; };
		838C23302B74978C0053D4C5 /* HText.swift in Sources */ = {isa = PBXBuildFile; fileRef = 838C232F2B74978C0053D4C5 /* HText.swift */; };
		83B98E302B7C087B007F6C94 /* IconToggle.swift in Sources */ = {isa = PBXBuildFile; fileRef = 83B98E2F2B7C087B007F6C94 /* IconToggle.swift */; };
		83D4CB762B7FF0B000D6087D /* WebContentView.swift in Sources */ = {isa = PBXBuildFile; fileRef = 83D4CB752B7FF0B000D6087D /* WebContentView.swift */; };
		83F3F6A12B7D12B6003CC310 /* DictionaryView.swift in Sources */ = {isa = PBXBuildFile; fileRef = 83F3F6A02B7D12B6003CC310 /* DictionaryView.swift */; };
		83F3F6A32B7D1454003CC310 /* VPNDeviceManagementView.swift in Sources */ = {isa = PBXBuildFile; fileRef = 83F3F6A22B7D1454003CC310 /* VPNDeviceManagementView.swift */; };
		83F3F6A52B7D16F6003CC310 /* GameControllerView.swift in Sources */ = {isa = PBXBuildFile; fileRef = 83F3F6A42B7D16F6003CC310 /* GameControllerView.swift */; };
		83F3F6A72B7D2BAA003CC310 /* FontsView.swift in Sources */ = {isa = PBXBuildFile; fileRef = 83F3F6A62B7D2BAA003CC310 /* FontsView.swift */; };
		83F3F6A92B7D2EFE003CC310 /* LanguageRegionView.swift in Sources */ = {isa = PBXBuildFile; fileRef = 83F3F6A82B7D2EFE003CC310 /* LanguageRegionView.swift */; };
/* End PBXBuildFile section */

/* Begin PBXFileReference section */
		832EF3892B8071C00066A1BF /* RestrictionsLocationServicesView.swift */ = {isa = PBXFileReference; lastKnownFileType = sourcecode.swift; path = RestrictionsLocationServicesView.swift; sourceTree = "<group>"; };
		832EF38B2B81264E0066A1BF /* LocationAlertsView.swift */ = {isa = PBXFileReference; lastKnownFileType = sourcecode.swift; path = LocationAlertsView.swift; sourceTree = "<group>"; };
		832EF38E2B814EC80066A1BF /* LocationPermissionsDetailView.swift */ = {isa = PBXFileReference; lastKnownFileType = sourcecode.swift; path = LocationPermissionsDetailView.swift; sourceTree = "<group>"; };
		832EF3902B8172560066A1BF /* AppClipsView.swift */ = {isa = PBXFileReference; lastKnownFileType = sourcecode.swift; path = AppClipsView.swift; sourceTree = "<group>"; };
		832EF3922B8179070066A1BF /* SystemServicesView.swift */ = {isa = PBXFileReference; lastKnownFileType = sourcecode.swift; path = SystemServicesView.swift; sourceTree = "<group>"; };
		832EF3942B8182550066A1BF /* ContentPrivacyRestrictionsDetailView.swift */ = {isa = PBXFileReference; lastKnownFileType = sourcecode.swift; path = ContentPrivacyRestrictionsDetailView.swift; sourceTree = "<group>"; };
		832EF3972B8190430066A1BF /* DateFormatView.swift */ = {isa = PBXFileReference; lastKnownFileType = sourcecode.swift; path = DateFormatView.swift; sourceTree = "<group>"; };
		832EF39A2B8192A90066A1BF /* DictationShortcutView.swift */ = {isa = PBXFileReference; lastKnownFileType = sourcecode.swift; path = DictationShortcutView.swift; sourceTree = "<group>"; };
		832EF39C2B8193B50066A1BF /* OneHandedKeyboardView.swift */ = {isa = PBXFileReference; lastKnownFileType = sourcecode.swift; path = OneHandedKeyboardView.swift; sourceTree = "<group>"; };
		832EF39E2B8197980066A1BF /* TextReplacementView.swift */ = {isa = PBXFileReference; lastKnownFileType = sourcecode.swift; path = TextReplacementView.swift; sourceTree = "<group>"; };
		832EF3A12B8198570066A1BF /* AddTextReplacementView.swift */ = {isa = PBXFileReference; lastKnownFileType = sourcecode.swift; path = AddTextReplacementView.swift; sourceTree = "<group>"; };
		832EF3A32B8199FA0066A1BF /* HardwareKeyboardView.swift */ = {isa = PBXFileReference; lastKnownFileType = sourcecode.swift; path = HardwareKeyboardView.swift; sourceTree = "<group>"; };
		832EF3A62B819B2E0066A1BF /* ModifierKeysView.swift */ = {isa = PBXFileReference; lastKnownFileType = sourcecode.swift; path = ModifierKeysView.swift; sourceTree = "<group>"; };
		832EF3A82B819BB90066A1BF /* HardwareKeyboardLanguageView.swift */ = {isa = PBXFileReference; lastKnownFileType = sourcecode.swift; path = HardwareKeyboardLanguageView.swift; sourceTree = "<group>"; };
		832EF3AA2B819C2A0066A1BF /* KeyboardsView.swift */ = {isa = PBXFileReference; lastKnownFileType = sourcecode.swift; path = KeyboardsView.swift; sourceTree = "<group>"; };
		833F0ACC2B744D180036EAD2 /* Preferences.app */ = {isa = PBXFileReference; explicitFileType = wrapper.application; includeInIndex = 0; path = Preferences.app; sourceTree = BUILT_PRODUCTS_DIR; };
		833F0ACF2B744D180036EAD2 /* PreferencesApp.swift */ = {isa = PBXFileReference; lastKnownFileType = sourcecode.swift; path = PreferencesApp.swift; sourceTree = "<group>"; };
		833F0AD12B744D180036EAD2 /* ContentView.swift */ = {isa = PBXFileReference; lastKnownFileType = sourcecode.swift; path = ContentView.swift; sourceTree = "<group>"; };
		833F0AD32B744D190036EAD2 /* Assets.xcassets */ = {isa = PBXFileReference; lastKnownFileType = folder.assetcatalog; path = Assets.xcassets; sourceTree = "<group>"; };
		833F0AD62B744D190036EAD2 /* Preview Assets.xcassets */ = {isa = PBXFileReference; lastKnownFileType = folder.assetcatalog; path = "Preview Assets.xcassets"; sourceTree = "<group>"; };
		835683912B753FDD000FB136 /* SettingsLink.swift */ = {isa = PBXFileReference; lastKnownFileType = sourcecode.swift; path = SettingsLink.swift; sourceTree = "<group>"; };
		835683932B754623000FB136 /* SettingsLabel.swift */ = {isa = PBXFileReference; lastKnownFileType = sourcecode.swift; path = SettingsLabel.swift; sourceTree = "<group>"; };
		835683962B754EE4000FB136 /* VersionView.swift */ = {isa = PBXFileReference; lastKnownFileType = sourcecode.swift; path = VersionView.swift; sourceTree = "<group>"; };
		835683982B7551D3000FB136 /* CertificateTrustSettingsView.swift */ = {isa = PBXFileReference; lastKnownFileType = sourcecode.swift; path = CertificateTrustSettingsView.swift; sourceTree = "<group>"; };
		8356839A2B755AB3000FB136 /* KeyboardView.swift */ = {isa = PBXFileReference; lastKnownFileType = sourcecode.swift; path = KeyboardView.swift; sourceTree = "<group>"; };
		837C03062B7F192F004D6C71 /* AppInstallationsPurchasesView.swift */ = {isa = PBXFileReference; lastKnownFileType = sourcecode.swift; path = AppInstallationsPurchasesView.swift; sourceTree = "<group>"; };
		837C03082B7F1AE0004D6C71 /* AllowDenySelection.swift */ = {isa = PBXFileReference; lastKnownFileType = sourcecode.swift; path = AllowDenySelection.swift; sourceTree = "<group>"; };
		83815CDE2B768C2200F53A0F /* AccessibilityView.swift */ = {isa = PBXFileReference; lastKnownFileType = sourcecode.swift; path = AccessibilityView.swift; sourceTree = "<group>"; };
		83815CE02B768CF300F53A0F /* MultitaskingGesturesView.swift */ = {isa = PBXFileReference; lastKnownFileType = sourcecode.swift; path = MultitaskingGesturesView.swift; sourceTree = "<group>"; };
		83815CE22B768D5800F53A0F /* PrivacySecurityView.swift */ = {isa = PBXFileReference; lastKnownFileType = sourcecode.swift; path = PrivacySecurityView.swift; sourceTree = "<group>"; };
		83815CE42B768DBA00F53A0F /* PasswordsView.swift */ = {isa = PBXFileReference; lastKnownFileType = sourcecode.swift; path = PasswordsView.swift; sourceTree = "<group>"; };
		83815CE62B768DF100F53A0F /* SafariView.swift */ = {isa = PBXFileReference; lastKnownFileType = sourcecode.swift; path = SafariView.swift; sourceTree = "<group>"; };
		83815CE82B768E3600F53A0F /* NewsView.swift */ = {isa = PBXFileReference; lastKnownFileType = sourcecode.swift; path = NewsView.swift; sourceTree = "<group>"; };
		83815CEA2B768E4A00F53A0F /* TranslateView.swift */ = {isa = PBXFileReference; lastKnownFileType = sourcecode.swift; path = TranslateView.swift; sourceTree = "<group>"; };
		83815CEC2B768E8300F53A0F /* MapsView.swift */ = {isa = PBXFileReference; lastKnownFileType = sourcecode.swift; path = MapsView.swift; sourceTree = "<group>"; };
		83815CEE2B768EF000F53A0F /* ShortcutsView.swift */ = {isa = PBXFileReference; lastKnownFileType = sourcecode.swift; path = ShortcutsView.swift; sourceTree = "<group>"; };
		83815CF02B768F0500F53A0F /* HealthView.swift */ = {isa = PBXFileReference; lastKnownFileType = sourcecode.swift; path = HealthView.swift; sourceTree = "<group>"; };
		83815CF22B768F1E00F53A0F /* SiriSearchView.swift */ = {isa = PBXFileReference; lastKnownFileType = sourcecode.swift; path = SiriSearchView.swift; sourceTree = "<group>"; };
		83815CF42B768F3600F53A0F /* PhotosView.swift */ = {isa = PBXFileReference; lastKnownFileType = sourcecode.swift; path = PhotosView.swift; sourceTree = "<group>"; };
		83815CF62B768F4800F53A0F /* GameCenterView.swift */ = {isa = PBXFileReference; lastKnownFileType = sourcecode.swift; path = GameCenterView.swift; sourceTree = "<group>"; };
		83815CF82B768F5C00F53A0F /* DeveloperView.swift */ = {isa = PBXFileReference; lastKnownFileType = sourcecode.swift; path = DeveloperView.swift; sourceTree = "<group>"; };
		83815CFA2B76908700F53A0F /* ActionButtonView.swift */ = {isa = PBXFileReference; lastKnownFileType = sourcecode.swift; path = ActionButtonView.swift; sourceTree = "<group>"; };
		8382739B2B7F21E4000F4228 /* AllowedAppsView.swift */ = {isa = PBXFileReference; lastKnownFileType = sourcecode.swift; path = AllowedAppsView.swift; sourceTree = "<group>"; };
		8382739D2B7F25D4000F4228 /* ContentRestrictionsView.swift */ = {isa = PBXFileReference; lastKnownFileType = sourcecode.swift; path = ContentRestrictionsView.swift; sourceTree = "<group>"; };
		838273A02B7F28D6000F4228 /* MoviesView.swift */ = {isa = PBXFileReference; lastKnownFileType = sourcecode.swift; path = MoviesView.swift; sourceTree = "<group>"; };
		838273A22B7FD37B000F4228 /* TVView.swift */ = {isa = PBXFileReference; lastKnownFileType = sourcecode.swift; path = TVView.swift; sourceTree = "<group>"; };
		838273A42B7FD4CF000F4228 /* AppsView.swift */ = {isa = PBXFileReference; lastKnownFileType = sourcecode.swift; path = AppsView.swift; sourceTree = "<group>"; };
		838A9EC12B7E81EC00ED261C /* ContentPrivacyRestrictionsView.swift */ = {isa = PBXFileReference; lastKnownFileType = sourcecode.swift; path = ContentPrivacyRestrictionsView.swift; sourceTree = "<group>"; };
		838A9EC32B7E823300ED261C /* CustomNavigationLink.swift */ = {isa = PBXFileReference; lastKnownFileType = sourcecode.swift; path = CustomNavigationLink.swift; sourceTree = "<group>"; };
		838C23222B746CF90053D4C5 /* GeneralView.swift */ = {isa = PBXFileReference; lastKnownFileType = sourcecode.swift; path = GeneralView.swift; sourceTree = "<group>"; };
		838C23252B746D290053D4C5 /* SettingsModel.swift */ = {isa = PBXFileReference; lastKnownFileType = sourcecode.swift; path = SettingsModel.swift; sourceTree = "<group>"; };
		838C23282B748F3B0053D4C5 /* ScreenTimeView.swift */ = {isa = PBXFileReference; lastKnownFileType = sourcecode.swift; path = ScreenTimeView.swift; sourceTree = "<group>"; };
		838C232A2B7492170053D4C5 /* CustomList.swift */ = {isa = PBXFileReference; lastKnownFileType = sourcecode.swift; path = CustomList.swift; sourceTree = "<group>"; };
		838C232D2B7497530053D4C5 /* AboutView.swift */ = {isa = PBXFileReference; lastKnownFileType = sourcecode.swift; path = AboutView.swift; sourceTree = "<group>"; };
		838C232F2B74978C0053D4C5 /* HText.swift */ = {isa = PBXFileReference; lastKnownFileType = sourcecode.swift; path = HText.swift; sourceTree = "<group>"; };
		83B98E2F2B7C087B007F6C94 /* IconToggle.swift */ = {isa = PBXFileReference; lastKnownFileType = sourcecode.swift; path = IconToggle.swift; sourceTree = "<group>"; };
		83CC61982B7952B800DAF0C1 /* Info.plist */ = {isa = PBXFileReference; lastKnownFileType = text.plist; path = Info.plist; sourceTree = "<group>"; };
		83D4CB752B7FF0B000D6087D /* WebContentView.swift */ = {isa = PBXFileReference; lastKnownFileType = sourcecode.swift; path = WebContentView.swift; sourceTree = "<group>"; };
		83F3F6A02B7D12B6003CC310 /* DictionaryView.swift */ = {isa = PBXFileReference; lastKnownFileType = sourcecode.swift; path = DictionaryView.swift; sourceTree = "<group>"; };
		83F3F6A22B7D1454003CC310 /* VPNDeviceManagementView.swift */ = {isa = PBXFileReference; lastKnownFileType = sourcecode.swift; path = VPNDeviceManagementView.swift; sourceTree = "<group>"; };
		83F3F6A42B7D16F6003CC310 /* GameControllerView.swift */ = {isa = PBXFileReference; lastKnownFileType = sourcecode.swift; path = GameControllerView.swift; sourceTree = "<group>"; };
		83F3F6A62B7D2BAA003CC310 /* FontsView.swift */ = {isa = PBXFileReference; lastKnownFileType = sourcecode.swift; path = FontsView.swift; sourceTree = "<group>"; };
		83F3F6A82B7D2EFE003CC310 /* LanguageRegionView.swift */ = {isa = PBXFileReference; lastKnownFileType = sourcecode.swift; path = LanguageRegionView.swift; sourceTree = "<group>"; };
/* End PBXFileReference section */

/* Begin PBXFrameworksBuildPhase section */
		833F0AC92B744D180036EAD2 /* Frameworks */ = {
			isa = PBXFrameworksBuildPhase;
			buildActionMask = 2147483647;
			files = (
			);
			runOnlyForDeploymentPostprocessing = 0;
		};
/* End PBXFrameworksBuildPhase section */

/* Begin PBXGroup section */
		832EF38D2B81268A0066A1BF /* Location Services */ = {
			isa = PBXGroup;
			children = (
				832EF38B2B81264E0066A1BF /* LocationAlertsView.swift */,
				832EF38E2B814EC80066A1BF /* LocationPermissionsDetailView.swift */,
				832EF3902B8172560066A1BF /* AppClipsView.swift */,
				832EF3922B8179070066A1BF /* SystemServicesView.swift */,
			);
			path = "Location Services";
			sourceTree = "<group>";
		};
		832EF3962B818EE80066A1BF /* Language & Region */ = {
			isa = PBXGroup;
			children = (
				832EF3972B8190430066A1BF /* DateFormatView.swift */,
			);
			path = "Language & Region";
			sourceTree = "<group>";
		};
		832EF3992B8192930066A1BF /* Keyboard */ = {
			isa = PBXGroup;
			children = (
				832EF3A52B819A9A0066A1BF /* Hardware Keyboard */,
				832EF3A02B81983F0066A1BF /* Text Replacement */,
				832EF3A32B8199FA0066A1BF /* HardwareKeyboardView.swift */,
				832EF39E2B8197980066A1BF /* TextReplacementView.swift */,
				832EF39C2B8193B50066A1BF /* OneHandedKeyboardView.swift */,
				832EF39A2B8192A90066A1BF /* DictationShortcutView.swift */,
				832EF3AA2B819C2A0066A1BF /* KeyboardsView.swift */,
			);
			path = Keyboard;
			sourceTree = "<group>";
		};
		832EF3A02B81983F0066A1BF /* Text Replacement */ = {
			isa = PBXGroup;
			children = (
				832EF3A12B8198570066A1BF /* AddTextReplacementView.swift */,
			);
			path = "Text Replacement";
			sourceTree = "<group>";
		};
		832EF3A52B819A9A0066A1BF /* Hardware Keyboard */ = {
			isa = PBXGroup;
			children = (
				832EF3A82B819BB90066A1BF /* HardwareKeyboardLanguageView.swift */,
				832EF3A62B819B2E0066A1BF /* ModifierKeysView.swift */,
			);
			path = "Hardware Keyboard";
			sourceTree = "<group>";
		};
		833F0AC32B744D180036EAD2 = {
			isa = PBXGroup;
			children = (
				833F0ACE2B744D180036EAD2 /* Preferences */,
				833F0ACD2B744D180036EAD2 /* Products */,
			);
			sourceTree = "<group>";
		};
		833F0ACD2B744D180036EAD2 /* Products */ = {
			isa = PBXGroup;
			children = (
				833F0ACC2B744D180036EAD2 /* Preferences.app */,
			);
			name = Products;
			sourceTree = "<group>";
		};
		833F0ACE2B744D180036EAD2 /* Preferences */ = {
			isa = PBXGroup;
			children = (
				83CC61982B7952B800DAF0C1 /* Info.plist */,
				838C23272B746D6B0053D4C5 /* Templates */,
				838C23242B746D200053D4C5 /* Models */,
				838C23212B7468870053D4C5 /* Views */,
				833F0ACF2B744D180036EAD2 /* PreferencesApp.swift */,
				833F0AD12B744D180036EAD2 /* ContentView.swift */,
				833F0AD32B744D190036EAD2 /* Assets.xcassets */,
				833F0AD52B744D190036EAD2 /* Preview Content */,
			);
			path = Preferences;
			sourceTree = "<group>";
		};
		833F0AD52B744D190036EAD2 /* Preview Content */ = {
			isa = PBXGroup;
			children = (
				833F0AD62B744D190036EAD2 /* Preview Assets.xcassets */,
			);
			path = "Preview Content";
			sourceTree = "<group>";
		};
		835683952B754ED3000FB136 /* About */ = {
			isa = PBXGroup;
			children = (
				835683962B754EE4000FB136 /* VersionView.swift */,
				835683982B7551D3000FB136 /* CertificateTrustSettingsView.swift */,
			);
			path = About;
			sourceTree = "<group>";
		};
		837C03052B7F1917004D6C71 /* Content & Privacy Restrictions */ = {
			isa = PBXGroup;
			children = (
				832EF38D2B81268A0066A1BF /* Location Services */,
				8382739F2B7F28CA000F4228 /* Content Restrictions */,
				837C03062B7F192F004D6C71 /* AppInstallationsPurchasesView.swift */,
				8382739B2B7F21E4000F4228 /* AllowedAppsView.swift */,
				8382739D2B7F25D4000F4228 /* ContentRestrictionsView.swift */,
				832EF3892B8071C00066A1BF /* RestrictionsLocationServicesView.swift */,
				832EF3942B8182550066A1BF /* ContentPrivacyRestrictionsDetailView.swift */,
			);
			path = "Content & Privacy Restrictions";
			sourceTree = "<group>";
		};
		8382739F2B7F28CA000F4228 /* Content Restrictions */ = {
			isa = PBXGroup;
			children = (
				838273A02B7F28D6000F4228 /* MoviesView.swift */,
				838273A22B7FD37B000F4228 /* TVView.swift */,
				838273A42B7FD4CF000F4228 /* AppsView.swift */,
				83D4CB752B7FF0B000D6087D /* WebContentView.swift */,
			);
			path = "Content Restrictions";
			sourceTree = "<group>";
		};
		838A9EC02B7E81D900ED261C /* Screen Time */ = {
			isa = PBXGroup;
			children = (
				837C03052B7F1917004D6C71 /* Content & Privacy Restrictions */,
				838A9EC12B7E81EC00ED261C /* ContentPrivacyRestrictionsView.swift */,
			);
			path = "Screen Time";
			sourceTree = "<group>";
		};
		838C23212B7468870053D4C5 /* Views */ = {
			isa = PBXGroup;
			children = (
				838A9EC02B7E81D900ED261C /* Screen Time */,
				838C232C2B74974B0053D4C5 /* General */,
				838C23282B748F3B0053D4C5 /* ScreenTimeView.swift */,
				83815CFA2B76908700F53A0F /* ActionButtonView.swift */,
				838C23222B746CF90053D4C5 /* GeneralView.swift */,
				83815CE02B768CF300F53A0F /* MultitaskingGesturesView.swift */,
				83815CDE2B768C2200F53A0F /* AccessibilityView.swift */,
				83815CE22B768D5800F53A0F /* PrivacySecurityView.swift */,
				83815CE42B768DBA00F53A0F /* PasswordsView.swift */,
				83815CE62B768DF100F53A0F /* SafariView.swift */,
				83815CE82B768E3600F53A0F /* NewsView.swift */,
				83815CEA2B768E4A00F53A0F /* TranslateView.swift */,
				83815CEC2B768E8300F53A0F /* MapsView.swift */,
				83815CEE2B768EF000F53A0F /* ShortcutsView.swift */,
				83815CF02B768F0500F53A0F /* HealthView.swift */,
				83815CF22B768F1E00F53A0F /* SiriSearchView.swift */,
				83815CF42B768F3600F53A0F /* PhotosView.swift */,
				83815CF62B768F4800F53A0F /* GameCenterView.swift */,
				83815CF82B768F5C00F53A0F /* DeveloperView.swift */,
			);
			path = Views;
			sourceTree = "<group>";
		};
		838C23242B746D200053D4C5 /* Models */ = {
			isa = PBXGroup;
			children = (
				838C23252B746D290053D4C5 /* SettingsModel.swift */,
			);
			path = Models;
			sourceTree = "<group>";
		};
		838C23272B746D6B0053D4C5 /* Templates */ = {
			isa = PBXGroup;
			children = (
				838C232A2B7492170053D4C5 /* CustomList.swift */,
				838C232F2B74978C0053D4C5 /* HText.swift */,
				835683912B753FDD000FB136 /* SettingsLink.swift */,
				835683932B754623000FB136 /* SettingsLabel.swift */,
				83B98E2F2B7C087B007F6C94 /* IconToggle.swift */,
				838A9EC32B7E823300ED261C /* CustomNavigationLink.swift */,
				837C03082B7F1AE0004D6C71 /* AllowDenySelection.swift */,
			);
			path = Templates;
			sourceTree = "<group>";
		};
		838C232C2B74974B0053D4C5 /* General */ = {
			isa = PBXGroup;
			children = (
				835683952B754ED3000FB136 /* About */,
				832EF3992B8192930066A1BF /* Keyboard */,
				832EF3962B818EE80066A1BF /* Language & Region */,
				838C232D2B7497530053D4C5 /* AboutView.swift */,
				8356839A2B755AB3000FB136 /* KeyboardView.swift */,
				83F3F6A42B7D16F6003CC310 /* GameControllerView.swift */,
				83F3F6A62B7D2BAA003CC310 /* FontsView.swift */,
				83F3F6A02B7D12B6003CC310 /* DictionaryView.swift */,
				83F3F6A82B7D2EFE003CC310 /* LanguageRegionView.swift */,
				83F3F6A22B7D1454003CC310 /* VPNDeviceManagementView.swift */,
			);
			path = General;
			sourceTree = "<group>";
		};
/* End PBXGroup section */

/* Begin PBXNativeTarget section */
		833F0ACB2B744D180036EAD2 /* Preferences */ = {
			isa = PBXNativeTarget;
			buildConfigurationList = 833F0ADA2B744D190036EAD2 /* Build configuration list for PBXNativeTarget "Preferences" */;
			buildPhases = (
				833F0AC82B744D180036EAD2 /* Sources */,
				833F0AC92B744D180036EAD2 /* Frameworks */,
				833F0ACA2B744D180036EAD2 /* Resources */,
			);
			buildRules = (
			);
			dependencies = (
			);
			name = Preferences;
			productName = Preferences;
			productReference = 833F0ACC2B744D180036EAD2 /* Preferences.app */;
			productType = "com.apple.product-type.application";
		};
/* End PBXNativeTarget section */

/* Begin PBXProject section */
		833F0AC42B744D180036EAD2 /* Project object */ = {
			isa = PBXProject;
			attributes = {
				BuildIndependentTargetsInParallel = 1;
				LastSwiftUpdateCheck = 1530;
				LastUpgradeCheck = 1530;
				TargetAttributes = {
					833F0ACB2B744D180036EAD2 = {
						CreatedOnToolsVersion = 15.3;
					};
				};
			};
			buildConfigurationList = 833F0AC72B744D180036EAD2 /* Build configuration list for PBXProject "Preferences" */;
			compatibilityVersion = "Xcode 14.0";
			developmentRegion = en;
			hasScannedForEncodings = 0;
			knownRegions = (
				en,
				Base,
			);
			mainGroup = 833F0AC32B744D180036EAD2;
			productRefGroup = 833F0ACD2B744D180036EAD2 /* Products */;
			projectDirPath = "";
			projectRoot = "";
			targets = (
				833F0ACB2B744D180036EAD2 /* Preferences */,
			);
		};
/* End PBXProject section */

/* Begin PBXResourcesBuildPhase section */
		833F0ACA2B744D180036EAD2 /* Resources */ = {
			isa = PBXResourcesBuildPhase;
			buildActionMask = 2147483647;
			files = (
				833F0AD72B744D190036EAD2 /* Preview Assets.xcassets in Resources */,
				833F0AD42B744D190036EAD2 /* Assets.xcassets in Resources */,
			);
			runOnlyForDeploymentPostprocessing = 0;
		};
/* End PBXResourcesBuildPhase section */

/* Begin PBXSourcesBuildPhase section */
		833F0AC82B744D180036EAD2 /* Sources */ = {
			isa = PBXSourcesBuildPhase;
			buildActionMask = 2147483647;
			files = (
				83B98E302B7C087B007F6C94 /* IconToggle.swift in Sources */,
				838A9EC22B7E81EC00ED261C /* ContentPrivacyRestrictionsView.swift in Sources */,
				832EF3A72B819B2E0066A1BF /* ModifierKeysView.swift in Sources */,
				838C23262B746D290053D4C5 /* SettingsModel.swift in Sources */,
				832EF39D2B8193B50066A1BF /* OneHandedKeyboardView.swift in Sources */,
				832EF3AB2B819C2A0066A1BF /* KeyboardsView.swift in Sources */,
				832EF3932B8179070066A1BF /* SystemServicesView.swift in Sources */,
				83815CDF2B768C2200F53A0F /* AccessibilityView.swift in Sources */,
				832EF3912B8172560066A1BF /* AppClipsView.swift in Sources */,
				83815CEF2B768EF000F53A0F /* ShortcutsView.swift in Sources */,
				83F3F6A12B7D12B6003CC310 /* DictionaryView.swift in Sources */,
				8356839B2B755AB3000FB136 /* KeyboardView.swift in Sources */,
				838C232E2B7497530053D4C5 /* AboutView.swift in Sources */,
				832EF38A2B8071C00066A1BF /* RestrictionsLocationServicesView.swift in Sources */,
				838C23292B748F3B0053D4C5 /* ScreenTimeView.swift in Sources */,
				83815CE52B768DBA00F53A0F /* PasswordsView.swift in Sources */,
				83815CF72B768F4800F53A0F /* GameCenterView.swift in Sources */,
				83815CF52B768F3600F53A0F /* PhotosView.swift in Sources */,
				832EF3982B8190430066A1BF /* DateFormatView.swift in Sources */,
				8382739C2B7F21E4000F4228 /* AllowedAppsView.swift in Sources */,
				83815CF32B768F1E00F53A0F /* SiriSearchView.swift in Sources */,
				83F3F6A92B7D2EFE003CC310 /* LanguageRegionView.swift in Sources */,
				838A9EC42B7E823300ED261C /* CustomNavigationLink.swift in Sources */,
				832EF39B2B8192A90066A1BF /* DictationShortcutView.swift in Sources */,
				83F3F6A72B7D2BAA003CC310 /* FontsView.swift in Sources */,
				83F3F6A52B7D16F6003CC310 /* GameControllerView.swift in Sources */,
				832EF3A92B819BB90066A1BF /* HardwareKeyboardLanguageView.swift in Sources */,
				837C03072B7F192F004D6C71 /* AppInstallationsPurchasesView.swift in Sources */,
				83815CE32B768D5800F53A0F /* PrivacySecurityView.swift in Sources */,
				835683942B754623000FB136 /* SettingsLabel.swift in Sources */,
				83F3F6A32B7D1454003CC310 /* VPNDeviceManagementView.swift in Sources */,
				832EF38F2B814EC80066A1BF /* LocationPermissionsDetailView.swift in Sources */,
				83815CF92B768F5C00F53A0F /* DeveloperView.swift in Sources */,
				838273A52B7FD4CF000F4228 /* AppsView.swift in Sources */,
				8382739E2B7F25D4000F4228 /* ContentRestrictionsView.swift in Sources */,
				838273A32B7FD37B000F4228 /* TVView.swift in Sources */,
				83815CE92B768E3600F53A0F /* NewsView.swift in Sources */,
				832EF3952B8182550066A1BF /* ContentPrivacyRestrictionsDetailView.swift in Sources */,
				835683922B753FDD000FB136 /* SettingsLink.swift in Sources */,
				835683972B754EE4000FB136 /* VersionView.swift in Sources */,
				832EF38C2B81264E0066A1BF /* LocationAlertsView.swift in Sources */,
				832EF39F2B8197980066A1BF /* TextReplacementView.swift in Sources */,
				83815CF12B768F0500F53A0F /* HealthView.swift in Sources */,
				83815CE72B768DF100F53A0F /* SafariView.swift in Sources */,
				83815CED2B768E8300F53A0F /* MapsView.swift in Sources */,
				832EF3A22B8198570066A1BF /* AddTextReplacementView.swift in Sources */,
				835683992B7551D3000FB136 /* CertificateTrustSettingsView.swift in Sources */,
				838C23232B746CF90053D4C5 /* GeneralView.swift in Sources */,
				833F0AD22B744D180036EAD2 /* ContentView.swift in Sources */,
				83D4CB762B7FF0B000D6087D /* WebContentView.swift in Sources */,
				83815CFB2B76908700F53A0F /* ActionButtonView.swift in Sources */,
				837C03092B7F1AE0004D6C71 /* AllowDenySelection.swift in Sources */,
				83815CEB2B768E4A00F53A0F /* TranslateView.swift in Sources */,
				838273A12B7F28D6000F4228 /* MoviesView.swift in Sources */,
				83815CE12B768CF300F53A0F /* MultitaskingGesturesView.swift in Sources */,
				838C232B2B7492170053D4C5 /* CustomList.swift in Sources */,
				838C23302B74978C0053D4C5 /* HText.swift in Sources */,
				833F0AD02B744D180036EAD2 /* PreferencesApp.swift in Sources */,
				832EF3A42B8199FA0066A1BF /* HardwareKeyboardView.swift in Sources */,
			);
			runOnlyForDeploymentPostprocessing = 0;
		};
/* End PBXSourcesBuildPhase section */

/* Begin XCBuildConfiguration section */
		833F0AD82B744D190036EAD2 /* Debug */ = {
			isa = XCBuildConfiguration;
			buildSettings = {
				ALWAYS_SEARCH_USER_PATHS = NO;
				ASSETCATALOG_COMPILER_GENERATE_SWIFT_ASSET_SYMBOL_EXTENSIONS = YES;
				CLANG_ANALYZER_NONNULL = YES;
				CLANG_ANALYZER_NUMBER_OBJECT_CONVERSION = YES_AGGRESSIVE;
				CLANG_CXX_LANGUAGE_STANDARD = "gnu++20";
				CLANG_ENABLE_MODULES = YES;
				CLANG_ENABLE_OBJC_ARC = YES;
				CLANG_ENABLE_OBJC_WEAK = YES;
				CLANG_WARN_BLOCK_CAPTURE_AUTORELEASING = YES;
				CLANG_WARN_BOOL_CONVERSION = YES;
				CLANG_WARN_COMMA = YES;
				CLANG_WARN_CONSTANT_CONVERSION = YES;
				CLANG_WARN_DEPRECATED_OBJC_IMPLEMENTATIONS = YES;
				CLANG_WARN_DIRECT_OBJC_ISA_USAGE = YES_ERROR;
				CLANG_WARN_DOCUMENTATION_COMMENTS = YES;
				CLANG_WARN_EMPTY_BODY = YES;
				CLANG_WARN_ENUM_CONVERSION = YES;
				CLANG_WARN_INFINITE_RECURSION = YES;
				CLANG_WARN_INT_CONVERSION = YES;
				CLANG_WARN_NON_LITERAL_NULL_CONVERSION = YES;
				CLANG_WARN_OBJC_IMPLICIT_RETAIN_SELF = YES;
				CLANG_WARN_OBJC_LITERAL_CONVERSION = YES;
				CLANG_WARN_OBJC_ROOT_CLASS = YES_ERROR;
				CLANG_WARN_QUOTED_INCLUDE_IN_FRAMEWORK_HEADER = YES;
				CLANG_WARN_RANGE_LOOP_ANALYSIS = YES;
				CLANG_WARN_STRICT_PROTOTYPES = YES;
				CLANG_WARN_SUSPICIOUS_MOVE = YES;
				CLANG_WARN_UNGUARDED_AVAILABILITY = YES_AGGRESSIVE;
				CLANG_WARN_UNREACHABLE_CODE = YES;
				CLANG_WARN__DUPLICATE_METHOD_MATCH = YES;
				COPY_PHASE_STRIP = NO;
				DEBUG_INFORMATION_FORMAT = dwarf;
				ENABLE_STRICT_OBJC_MSGSEND = YES;
				ENABLE_TESTABILITY = YES;
				ENABLE_USER_SCRIPT_SANDBOXING = YES;
				GCC_C_LANGUAGE_STANDARD = gnu17;
				GCC_DYNAMIC_NO_PIC = NO;
				GCC_NO_COMMON_BLOCKS = YES;
				GCC_OPTIMIZATION_LEVEL = 0;
				GCC_PREPROCESSOR_DEFINITIONS = (
					"DEBUG=1",
					"$(inherited)",
				);
				GCC_WARN_64_TO_32_BIT_CONVERSION = YES;
				GCC_WARN_ABOUT_RETURN_TYPE = YES_ERROR;
				GCC_WARN_UNDECLARED_SELECTOR = YES;
				GCC_WARN_UNINITIALIZED_AUTOS = YES_AGGRESSIVE;
				GCC_WARN_UNUSED_FUNCTION = YES;
				GCC_WARN_UNUSED_VARIABLE = YES;
				IPHONEOS_DEPLOYMENT_TARGET = 17.4;
				LOCALIZATION_PREFERS_STRING_CATALOGS = YES;
				MTL_ENABLE_DEBUG_INFO = INCLUDE_SOURCE;
				MTL_FAST_MATH = YES;
				ONLY_ACTIVE_ARCH = YES;
				SDKROOT = iphoneos;
				SWIFT_ACTIVE_COMPILATION_CONDITIONS = "DEBUG $(inherited)";
				SWIFT_OPTIMIZATION_LEVEL = "-Onone";
			};
			name = Debug;
		};
		833F0AD92B744D190036EAD2 /* Release */ = {
			isa = XCBuildConfiguration;
			buildSettings = {
				ALWAYS_SEARCH_USER_PATHS = NO;
				ASSETCATALOG_COMPILER_GENERATE_SWIFT_ASSET_SYMBOL_EXTENSIONS = YES;
				CLANG_ANALYZER_NONNULL = YES;
				CLANG_ANALYZER_NUMBER_OBJECT_CONVERSION = YES_AGGRESSIVE;
				CLANG_CXX_LANGUAGE_STANDARD = "gnu++20";
				CLANG_ENABLE_MODULES = YES;
				CLANG_ENABLE_OBJC_ARC = YES;
				CLANG_ENABLE_OBJC_WEAK = YES;
				CLANG_WARN_BLOCK_CAPTURE_AUTORELEASING = YES;
				CLANG_WARN_BOOL_CONVERSION = YES;
				CLANG_WARN_COMMA = YES;
				CLANG_WARN_CONSTANT_CONVERSION = YES;
				CLANG_WARN_DEPRECATED_OBJC_IMPLEMENTATIONS = YES;
				CLANG_WARN_DIRECT_OBJC_ISA_USAGE = YES_ERROR;
				CLANG_WARN_DOCUMENTATION_COMMENTS = YES;
				CLANG_WARN_EMPTY_BODY = YES;
				CLANG_WARN_ENUM_CONVERSION = YES;
				CLANG_WARN_INFINITE_RECURSION = YES;
				CLANG_WARN_INT_CONVERSION = YES;
				CLANG_WARN_NON_LITERAL_NULL_CONVERSION = YES;
				CLANG_WARN_OBJC_IMPLICIT_RETAIN_SELF = YES;
				CLANG_WARN_OBJC_LITERAL_CONVERSION = YES;
				CLANG_WARN_OBJC_ROOT_CLASS = YES_ERROR;
				CLANG_WARN_QUOTED_INCLUDE_IN_FRAMEWORK_HEADER = YES;
				CLANG_WARN_RANGE_LOOP_ANALYSIS = YES;
				CLANG_WARN_STRICT_PROTOTYPES = YES;
				CLANG_WARN_SUSPICIOUS_MOVE = YES;
				CLANG_WARN_UNGUARDED_AVAILABILITY = YES_AGGRESSIVE;
				CLANG_WARN_UNREACHABLE_CODE = YES;
				CLANG_WARN__DUPLICATE_METHOD_MATCH = YES;
				COPY_PHASE_STRIP = NO;
				DEBUG_INFORMATION_FORMAT = "dwarf-with-dsym";
				ENABLE_NS_ASSERTIONS = NO;
				ENABLE_STRICT_OBJC_MSGSEND = YES;
				ENABLE_USER_SCRIPT_SANDBOXING = YES;
				GCC_C_LANGUAGE_STANDARD = gnu17;
				GCC_NO_COMMON_BLOCKS = YES;
				GCC_WARN_64_TO_32_BIT_CONVERSION = YES;
				GCC_WARN_ABOUT_RETURN_TYPE = YES_ERROR;
				GCC_WARN_UNDECLARED_SELECTOR = YES;
				GCC_WARN_UNINITIALIZED_AUTOS = YES_AGGRESSIVE;
				GCC_WARN_UNUSED_FUNCTION = YES;
				GCC_WARN_UNUSED_VARIABLE = YES;
				IPHONEOS_DEPLOYMENT_TARGET = 17.4;
				LOCALIZATION_PREFERS_STRING_CATALOGS = YES;
				MTL_ENABLE_DEBUG_INFO = NO;
				MTL_FAST_MATH = YES;
				SDKROOT = iphoneos;
				SWIFT_COMPILATION_MODE = wholemodule;
				VALIDATE_PRODUCT = YES;
			};
			name = Release;
		};
		833F0ADB2B744D190036EAD2 /* Debug */ = {
			isa = XCBuildConfiguration;
			buildSettings = {
				ASSETCATALOG_COMPILER_APPICON_NAME = AppIcon;
				ASSETCATALOG_COMPILER_GLOBAL_ACCENT_COLOR_NAME = AccentColor;
				CODE_SIGN_IDENTITY = "Apple Development";
				CODE_SIGN_STYLE = Automatic;
				CURRENT_PROJECT_VERSION = 1;
				DEVELOPMENT_ASSET_PATHS = "\"Preferences/Preview Content\"";
				DEVELOPMENT_TEAM = "";
				ENABLE_PREVIEWS = YES;
				GENERATE_INFOPLIST_FILE = YES;
				INFOPLIST_FILE = Preferences/Info.plist;
				INFOPLIST_KEY_CFBundleDisplayName = Settings;
				INFOPLIST_KEY_LSApplicationCategoryType = "public.app-category.utilities";
				INFOPLIST_KEY_UIApplicationSupportsIndirectInputEvents = YES;
				INFOPLIST_KEY_UILaunchScreen_Generation = YES;
				INFOPLIST_KEY_UIRequiresFullScreen = YES;
				INFOPLIST_KEY_UISupportedInterfaceOrientations = UIInterfaceOrientationPortrait;
				INFOPLIST_KEY_UISupportedInterfaceOrientations_iPad = "UIInterfaceOrientationLandscapeLeft UIInterfaceOrientationLandscapeRight UIInterfaceOrientationPortrait UIInterfaceOrientationPortraitUpsideDown";
				LD_RUNPATH_SEARCH_PATHS = (
					"$(inherited)",
					"@executable_path/Frameworks",
				);
				MARKETING_VERSION = 1.0;
				PRODUCT_BUNDLE_IDENTIFIER = com.example.Preferences;
				PRODUCT_NAME = "$(TARGET_NAME)";
				PROVISIONING_PROFILE_SPECIFIER = "";
				SUPPORTED_PLATFORMS = "iphoneos iphonesimulator";
				SUPPORTS_MACCATALYST = NO;
				SUPPORTS_MAC_DESIGNED_FOR_IPHONE_IPAD = NO;
				SUPPORTS_XR_DESIGNED_FOR_IPHONE_IPAD = NO;
				SWIFT_EMIT_LOC_STRINGS = YES;
				SWIFT_VERSION = 5.0;
				TARGETED_DEVICE_FAMILY = "1,2";
			};
			name = Debug;
		};
		833F0ADC2B744D190036EAD2 /* Release */ = {
			isa = XCBuildConfiguration;
			buildSettings = {
				ASSETCATALOG_COMPILER_APPICON_NAME = AppIcon;
				ASSETCATALOG_COMPILER_GLOBAL_ACCENT_COLOR_NAME = AccentColor;
				CODE_SIGN_IDENTITY = "Apple Development";
				CODE_SIGN_STYLE = Automatic;
				CURRENT_PROJECT_VERSION = 1;
				DEVELOPMENT_ASSET_PATHS = "\"Preferences/Preview Content\"";
				DEVELOPMENT_TEAM = "";
				ENABLE_PREVIEWS = YES;
				GENERATE_INFOPLIST_FILE = YES;
				INFOPLIST_FILE = Preferences/Info.plist;
				INFOPLIST_KEY_CFBundleDisplayName = Settings;
				INFOPLIST_KEY_LSApplicationCategoryType = "public.app-category.utilities";
				INFOPLIST_KEY_UIApplicationSupportsIndirectInputEvents = YES;
				INFOPLIST_KEY_UILaunchScreen_Generation = YES;
				INFOPLIST_KEY_UIRequiresFullScreen = YES;
				INFOPLIST_KEY_UISupportedInterfaceOrientations = UIInterfaceOrientationPortrait;
				INFOPLIST_KEY_UISupportedInterfaceOrientations_iPad = "UIInterfaceOrientationLandscapeLeft UIInterfaceOrientationLandscapeRight UIInterfaceOrientationPortrait UIInterfaceOrientationPortraitUpsideDown";
				LD_RUNPATH_SEARCH_PATHS = (
					"$(inherited)",
					"@executable_path/Frameworks",
				);
				MARKETING_VERSION = 1.0;
				PRODUCT_BUNDLE_IDENTIFIER = com.example.Preferences;
				PRODUCT_NAME = "$(TARGET_NAME)";
				PROVISIONING_PROFILE_SPECIFIER = "";
				SUPPORTED_PLATFORMS = "iphoneos iphonesimulator";
				SUPPORTS_MACCATALYST = NO;
				SUPPORTS_MAC_DESIGNED_FOR_IPHONE_IPAD = NO;
				SUPPORTS_XR_DESIGNED_FOR_IPHONE_IPAD = NO;
				SWIFT_EMIT_LOC_STRINGS = YES;
				SWIFT_VERSION = 5.0;
				TARGETED_DEVICE_FAMILY = "1,2";
			};
			name = Release;
		};
/* End XCBuildConfiguration section */

/* Begin XCConfigurationList section */
		833F0AC72B744D180036EAD2 /* Build configuration list for PBXProject "Preferences" */ = {
			isa = XCConfigurationList;
			buildConfigurations = (
				833F0AD82B744D190036EAD2 /* Debug */,
				833F0AD92B744D190036EAD2 /* Release */,
			);
			defaultConfigurationIsVisible = 0;
			defaultConfigurationName = Release;
		};
		833F0ADA2B744D190036EAD2 /* Build configuration list for PBXNativeTarget "Preferences" */ = {
			isa = XCConfigurationList;
			buildConfigurations = (
				833F0ADB2B744D190036EAD2 /* Debug */,
				833F0ADC2B744D190036EAD2 /* Release */,
			);
			defaultConfigurationIsVisible = 0;
			defaultConfigurationName = Release;
		};
/* End XCConfigurationList section */
	};
	rootObject = 833F0AC42B744D180036EAD2 /* Project object */;
}
