// !$*UTF8*$!
{
	archiveVersion = 1;
	classes = {
	};
	objectVersion = 56;
	objects = {

/* Begin PBXBuildFile section */
		8319CE492B86D198007EC822 /* SecurityRecommendationsView.swift in Sources */ = {isa = PBXBuildFile; fileRef = 8319CE482B86D198007EC822 /* SecurityRecommendationsView.swift */; };
		8319CE4B2B86D22E007EC822 /* PasswordOptionsView.swift in Sources */ = {isa = PBXBuildFile; fileRef = 8319CE4A2B86D22E007EC822 /* PasswordOptionsView.swift */; };
		8319CE4D2B86D380007EC822 /* SafetyCheckView.swift in Sources */ = {isa = PBXBuildFile; fileRef = 8319CE4C2B86D380007EC822 /* SafetyCheckView.swift */; };
		8319CE4F2B86DB44007EC822 /* SensitiveContentWarningView.swift in Sources */ = {isa = PBXBuildFile; fileRef = 8319CE4E2B86DB44007EC822 /* SensitiveContentWarningView.swift */; };
		8319CE512B86DF8A007EC822 /* AppleAdvertisingView.swift in Sources */ = {isa = PBXBuildFile; fileRef = 8319CE502B86DF8A007EC822 /* AppleAdvertisingView.swift */; };
		832928492B85779D006611CF /* TrackingView.swift in Sources */ = {isa = PBXBuildFile; fileRef = 832928482B85779D006611CF /* TrackingView.swift */; };
		8329284B2B8578F4006611CF /* AppPermissionsView.swift in Sources */ = {isa = PBXBuildFile; fileRef = 8329284A2B8578F4006611CF /* AppPermissionsView.swift */; };
		8329284E2B8580B3006611CF /* HeadphoneAudioLevelsView.swift in Sources */ = {isa = PBXBuildFile; fileRef = 8329284D2B8580B3006611CF /* HeadphoneAudioLevelsView.swift */; };
		832EF38A2B8071C00066A1BF /* RestrictionsLocationServicesView.swift in Sources */ = {isa = PBXBuildFile; fileRef = 832EF3892B8071C00066A1BF /* RestrictionsLocationServicesView.swift */; };
		832EF38C2B81264E0066A1BF /* LocationAlertsView.swift in Sources */ = {isa = PBXBuildFile; fileRef = 832EF38B2B81264E0066A1BF /* LocationAlertsView.swift */; };
		832EF38F2B814EC80066A1BF /* LocationPermissionsDetailView.swift in Sources */ = {isa = PBXBuildFile; fileRef = 832EF38E2B814EC80066A1BF /* LocationPermissionsDetailView.swift */; };
		832EF3912B8172560066A1BF /* AppClipsView.swift in Sources */ = {isa = PBXBuildFile; fileRef = 832EF3902B8172560066A1BF /* AppClipsView.swift */; };
		832EF3932B8179070066A1BF /* SystemServicesView.swift in Sources */ = {isa = PBXBuildFile; fileRef = 832EF3922B8179070066A1BF /* SystemServicesView.swift */; };
		832EF3952B8182550066A1BF /* ContentPrivacyRestrictionsDetailView.swift in Sources */ = {isa = PBXBuildFile; fileRef = 832EF3942B8182550066A1BF /* ContentPrivacyRestrictionsDetailView.swift */; };
		832EF3982B8190430066A1BF /* DateFormatView.swift in Sources */ = {isa = PBXBuildFile; fileRef = 832EF3972B8190430066A1BF /* DateFormatView.swift */; };
		832EF39B2B8192A90066A1BF /* DictationShortcutView.swift in Sources */ = {isa = PBXBuildFile; fileRef = 832EF39A2B8192A90066A1BF /* DictationShortcutView.swift */; };
		832EF39D2B8193B50066A1BF /* OneHandedKeyboardView.swift in Sources */ = {isa = PBXBuildFile; fileRef = 832EF39C2B8193B50066A1BF /* OneHandedKeyboardView.swift */; };
		832EF39F2B8197980066A1BF /* TextReplacementView.swift in Sources */ = {isa = PBXBuildFile; fileRef = 832EF39E2B8197980066A1BF /* TextReplacementView.swift */; };
		832EF3A22B8198570066A1BF /* AddTextReplacementView.swift in Sources */ = {isa = PBXBuildFile; fileRef = 832EF3A12B8198570066A1BF /* AddTextReplacementView.swift */; };
		832EF3A42B8199FA0066A1BF /* HardwareKeyboardView.swift in Sources */ = {isa = PBXBuildFile; fileRef = 832EF3A32B8199FA0066A1BF /* HardwareKeyboardView.swift */; };
		832EF3A72B819B2E0066A1BF /* ModifierKeysView.swift in Sources */ = {isa = PBXBuildFile; fileRef = 832EF3A62B819B2E0066A1BF /* ModifierKeysView.swift */; };
		832EF3A92B819BB90066A1BF /* HardwareKeyboardLanguageView.swift in Sources */ = {isa = PBXBuildFile; fileRef = 832EF3A82B819BB90066A1BF /* HardwareKeyboardLanguageView.swift */; };
		832EF3AB2B819C2A0066A1BF /* KeyboardsView.swift in Sources */ = {isa = PBXBuildFile; fileRef = 832EF3AA2B819C2A0066A1BF /* KeyboardsView.swift */; };
		833F0AD02B744D180036EAD2 /* PreferencesApp.swift in Sources */ = {isa = PBXBuildFile; fileRef = 833F0ACF2B744D180036EAD2 /* PreferencesApp.swift */; };
		833F0AD22B744D180036EAD2 /* ContentView.swift in Sources */ = {isa = PBXBuildFile; fileRef = 833F0AD12B744D180036EAD2 /* ContentView.swift */; };
		833F0AD42B744D190036EAD2 /* Assets.xcassets in Resources */ = {isa = PBXBuildFile; fileRef = 833F0AD32B744D190036EAD2 /* Assets.xcassets */; };
		833F0AD72B744D190036EAD2 /* Preview Assets.xcassets in Resources */ = {isa = PBXBuildFile; fileRef = 833F0AD62B744D190036EAD2 /* Preview Assets.xcassets */; };
		833F190B2B8BE05A00067C37 /* DisplayTextSizeView.swift in Sources */ = {isa = PBXBuildFile; fileRef = 833F190A2B8BE05A00067C37 /* DisplayTextSizeView.swift */; };
		835683922B753FDD000FB136 /* SettingsLink.swift in Sources */ = {isa = PBXBuildFile; fileRef = 835683912B753FDD000FB136 /* SettingsLink.swift */; };
		835683942B754623000FB136 /* SettingsLabel.swift in Sources */ = {isa = PBXBuildFile; fileRef = 835683932B754623000FB136 /* SettingsLabel.swift */; };
		835683972B754EE4000FB136 /* VersionView.swift in Sources */ = {isa = PBXBuildFile; fileRef = 835683962B754EE4000FB136 /* VersionView.swift */; };
		835683992B7551D3000FB136 /* CertificateTrustSettingsView.swift in Sources */ = {isa = PBXBuildFile; fileRef = 835683982B7551D3000FB136 /* CertificateTrustSettingsView.swift */; };
		8356839B2B755AB3000FB136 /* KeyboardView.swift in Sources */ = {isa = PBXBuildFile; fileRef = 8356839A2B755AB3000FB136 /* KeyboardView.swift */; };
		83585B712B88475A0046A0C3 /* DrivingView.swift in Sources */ = {isa = PBXBuildFile; fileRef = 83585B702B88475A0046A0C3 /* DrivingView.swift */; };
		83585B732B8847A70046A0C3 /* WalkingView.swift in Sources */ = {isa = PBXBuildFile; fileRef = 83585B722B8847A70046A0C3 /* WalkingView.swift */; };
		83585B752B8848110046A0C3 /* TransitView.swift in Sources */ = {isa = PBXBuildFile; fileRef = 83585B742B8848110046A0C3 /* TransitView.swift */; };
		83585B772B8848430046A0C3 /* CyclingView.swift in Sources */ = {isa = PBXBuildFile; fileRef = 83585B762B8848430046A0C3 /* CyclingView.swift */; };
		8373E7322B910AF8004285EA /* AppWebsiteActivitySheetView.swift in Sources */ = {isa = PBXBuildFile; fileRef = 8373E7312B910AF8004285EA /* AppWebsiteActivitySheetView.swift */; };
		8373E7342B9162BD004285EA /* ScreenDistanceSheetView.swift in Sources */ = {isa = PBXBuildFile; fileRef = 8373E7332B9162BD004285EA /* ScreenDistanceSheetView.swift */; };
		8373E7362B91660F004285EA /* SensitivePhotosVideosProtectionSheetView.swift in Sources */ = {isa = PBXBuildFile; fileRef = 8373E7352B91660F004285EA /* SensitivePhotosVideosProtectionSheetView.swift */; };
		8373E7382B9168C9004285EA /* CommunicationSafetyView.swift in Sources */ = {isa = PBXBuildFile; fileRef = 8373E7372B9168C9004285EA /* CommunicationSafetyView.swift */; };
		837B0F5B2B8989E000B22455 /* SiriLanguageView.swift in Sources */ = {isa = PBXBuildFile; fileRef = 837B0F5A2B8989E000B22455 /* SiriLanguageView.swift */; };
		837B0F5E2B89986B00B22455 /* EnglishIndiaView.swift in Sources */ = {isa = PBXBuildFile; fileRef = 837B0F5D2B89986B00B22455 /* EnglishIndiaView.swift */; };
		837B0F602B89B22900B22455 /* SiriVoiceView.swift in Sources */ = {isa = PBXBuildFile; fileRef = 837B0F5F2B89B22900B22455 /* SiriVoiceView.swift */; };
		837B0F622B89B49B00B22455 /* SiriResponsesView.swift in Sources */ = {isa = PBXBuildFile; fileRef = 837B0F612B89B49B00B22455 /* SiriResponsesView.swift */; };
		837B0F642B89B5E700B22455 /* SiriDictationHistoryView.swift in Sources */ = {isa = PBXBuildFile; fileRef = 837B0F632B89B5E700B22455 /* SiriDictationHistoryView.swift */; };
		837C03072B7F192F004D6C71 /* AppInstallationsPurchasesView.swift in Sources */ = {isa = PBXBuildFile; fileRef = 837C03062B7F192F004D6C71 /* AppInstallationsPurchasesView.swift */; };
		837C03092B7F1AE0004D6C71 /* SelectOptionList.swift in Sources */ = {isa = PBXBuildFile; fileRef = 837C03082B7F1AE0004D6C71 /* SelectOptionList.swift */; };
		837F1DC52B8AEC1E00665EAB /* HideAddressView.swift in Sources */ = {isa = PBXBuildFile; fileRef = 837F1DC42B8AEC1E00665EAB /* HideAddressView.swift */; };
		837F1DCB2B8AEF1A00665EAB /* DownloadsView.swift in Sources */ = {isa = PBXBuildFile; fileRef = 837F1DCA2B8AEF1A00665EAB /* DownloadsView.swift */; };
		837F1DCD2B8AF0D400665EAB /* ExtensionsView.swift in Sources */ = {isa = PBXBuildFile; fileRef = 837F1DCC2B8AF0D400665EAB /* ExtensionsView.swift */; };
		837F1DCF2B8AF13600665EAB /* FavoritesView.swift in Sources */ = {isa = PBXBuildFile; fileRef = 837F1DCE2B8AF13600665EAB /* FavoritesView.swift */; };
		837F1DD12B8AF1C500665EAB /* AutoFillView.swift in Sources */ = {isa = PBXBuildFile; fileRef = 837F1DD02B8AF1C500665EAB /* AutoFillView.swift */; };
		837F1DD42B8AF2B400665EAB /* CreditCardsView.swift in Sources */ = {isa = PBXBuildFile; fileRef = 837F1DD32B8AF2B400665EAB /* CreditCardsView.swift */; };
		837F1DD62B8AF31F00665EAB /* QuickWebsiteSearchView.swift in Sources */ = {isa = PBXBuildFile; fileRef = 837F1DD52B8AF31F00665EAB /* QuickWebsiteSearchView.swift */; };
		83815CDF2B768C2200F53A0F /* AccessibilityView.swift in Sources */ = {isa = PBXBuildFile; fileRef = 83815CDE2B768C2200F53A0F /* AccessibilityView.swift */; };
		83815CE12B768CF300F53A0F /* MultitaskingGesturesView.swift in Sources */ = {isa = PBXBuildFile; fileRef = 83815CE02B768CF300F53A0F /* MultitaskingGesturesView.swift */; };
		83815CE32B768D5800F53A0F /* PrivacySecurityView.swift in Sources */ = {isa = PBXBuildFile; fileRef = 83815CE22B768D5800F53A0F /* PrivacySecurityView.swift */; };
		83815CE52B768DBA00F53A0F /* PasswordsView.swift in Sources */ = {isa = PBXBuildFile; fileRef = 83815CE42B768DBA00F53A0F /* PasswordsView.swift */; };
		83815CE72B768DF100F53A0F /* SafariView.swift in Sources */ = {isa = PBXBuildFile; fileRef = 83815CE62B768DF100F53A0F /* SafariView.swift */; };
		83815CE92B768E3600F53A0F /* NewsView.swift in Sources */ = {isa = PBXBuildFile; fileRef = 83815CE82B768E3600F53A0F /* NewsView.swift */; };
		83815CEB2B768E4A00F53A0F /* TranslateView.swift in Sources */ = {isa = PBXBuildFile; fileRef = 83815CEA2B768E4A00F53A0F /* TranslateView.swift */; };
		83815CED2B768E8300F53A0F /* MapsView.swift in Sources */ = {isa = PBXBuildFile; fileRef = 83815CEC2B768E8300F53A0F /* MapsView.swift */; };
		83815CEF2B768EF000F53A0F /* ShortcutsView.swift in Sources */ = {isa = PBXBuildFile; fileRef = 83815CEE2B768EF000F53A0F /* ShortcutsView.swift */; };
		83815CF12B768F0500F53A0F /* HealthView.swift in Sources */ = {isa = PBXBuildFile; fileRef = 83815CF02B768F0500F53A0F /* HealthView.swift */; };
		83815CF32B768F1E00F53A0F /* SiriSearchView.swift in Sources */ = {isa = PBXBuildFile; fileRef = 83815CF22B768F1E00F53A0F /* SiriSearchView.swift */; };
		83815CF52B768F3600F53A0F /* PhotosView.swift in Sources */ = {isa = PBXBuildFile; fileRef = 83815CF42B768F3600F53A0F /* PhotosView.swift */; };
		83815CF72B768F4800F53A0F /* GameCenterView.swift in Sources */ = {isa = PBXBuildFile; fileRef = 83815CF62B768F4800F53A0F /* GameCenterView.swift */; };
		83815CF92B768F5C00F53A0F /* DeveloperView.swift in Sources */ = {isa = PBXBuildFile; fileRef = 83815CF82B768F5C00F53A0F /* DeveloperView.swift */; };
		83815CFB2B76908700F53A0F /* ActionButtonView.swift in Sources */ = {isa = PBXBuildFile; fileRef = 83815CFA2B76908700F53A0F /* ActionButtonView.swift */; };
		8382739C2B7F21E4000F4228 /* AllowedAppsView.swift in Sources */ = {isa = PBXBuildFile; fileRef = 8382739B2B7F21E4000F4228 /* AllowedAppsView.swift */; };
		8382739E2B7F25D4000F4228 /* ContentRestrictionsView.swift in Sources */ = {isa = PBXBuildFile; fileRef = 8382739D2B7F25D4000F4228 /* ContentRestrictionsView.swift */; };
		838273A12B7F28D6000F4228 /* MoviesView.swift in Sources */ = {isa = PBXBuildFile; fileRef = 838273A02B7F28D6000F4228 /* MoviesView.swift */; };
		838273A32B7FD37B000F4228 /* TVView.swift in Sources */ = {isa = PBXBuildFile; fileRef = 838273A22B7FD37B000F4228 /* TVView.swift */; };
		838273A52B7FD4CF000F4228 /* AppsView.swift in Sources */ = {isa = PBXBuildFile; fileRef = 838273A42B7FD4CF000F4228 /* AppsView.swift */; };
		83898FCA2B8A8F210020C7BB /* HealthDetailsView.swift in Sources */ = {isa = PBXBuildFile; fileRef = 83898FC92B8A8F210020C7BB /* HealthDetailsView.swift */; };
		83898FCD2B8A94BE0020C7BB /* HealthDetailsDataView.swift in Sources */ = {isa = PBXBuildFile; fileRef = 83898FCC2B8A94BE0020C7BB /* HealthDetailsDataView.swift */; };
		83898FCF2B8A9A1F0020C7BB /* MedicalView.swift in Sources */ = {isa = PBXBuildFile; fileRef = 83898FCE2B8A9A1F0020C7BB /* MedicalView.swift */; };
		83898FD12B8A9F680020C7BB /* DataAccessDevicesView.swift in Sources */ = {isa = PBXBuildFile; fileRef = 83898FD02B8A9F680020C7BB /* DataAccessDevicesView.swift */; };
		83898FD42B8AA25A0020C7BB /* ShortcutsAdvancedView.swift in Sources */ = {isa = PBXBuildFile; fileRef = 83898FD32B8AA25A0020C7BB /* ShortcutsAdvancedView.swift */; };
		838A9EC22B7E81EC00ED261C /* ContentPrivacyRestrictionsView.swift in Sources */ = {isa = PBXBuildFile; fileRef = 838A9EC12B7E81EC00ED261C /* ContentPrivacyRestrictionsView.swift */; };
		838A9EC42B7E823300ED261C /* CustomNavigationLink.swift in Sources */ = {isa = PBXBuildFile; fileRef = 838A9EC32B7E823300ED261C /* CustomNavigationLink.swift */; };
		838C23232B746CF90053D4C5 /* GeneralView.swift in Sources */ = {isa = PBXBuildFile; fileRef = 838C23222B746CF90053D4C5 /* GeneralView.swift */; };
		838C23262B746D290053D4C5 /* SettingsModel.swift in Sources */ = {isa = PBXBuildFile; fileRef = 838C23252B746D290053D4C5 /* SettingsModel.swift */; };
		838C23292B748F3B0053D4C5 /* ScreenTimeView.swift in Sources */ = {isa = PBXBuildFile; fileRef = 838C23282B748F3B0053D4C5 /* ScreenTimeView.swift */; };
		838C232B2B7492170053D4C5 /* CustomList.swift in Sources */ = {isa = PBXBuildFile; fileRef = 838C232A2B7492170053D4C5 /* CustomList.swift */; };
		838C232E2B7497530053D4C5 /* AboutView.swift in Sources */ = {isa = PBXBuildFile; fileRef = 838C232D2B7497530053D4C5 /* AboutView.swift */; };
		838C23302B74978C0053D4C5 /* HText.swift in Sources */ = {isa = PBXBuildFile; fileRef = 838C232F2B74978C0053D4C5 /* HText.swift */; };
		83B619C92B93DEBD00EFEA90 /* ScreenDistanceView.swift in Sources */ = {isa = PBXBuildFile; fileRef = 83B619C82B93DEBD00EFEA90 /* ScreenDistanceView.swift */; };
		83B619CB2B93EE2400EFEA90 /* AppWebsiteActivityView.swift in Sources */ = {isa = PBXBuildFile; fileRef = 83B619CA2B93EE2400EFEA90 /* AppWebsiteActivityView.swift */; };
		83B619CD2B93F91500EFEA90 /* DowntimeView.swift in Sources */ = {isa = PBXBuildFile; fileRef = 83B619CC2B93F91500EFEA90 /* DowntimeView.swift */; };
		83B619CF2B941B9C00EFEA90 /* AppLimitsView.swift in Sources */ = {isa = PBXBuildFile; fileRef = 83B619CE2B941B9C00EFEA90 /* AppLimitsView.swift */; };
		83B619D12B941C4F00EFEA90 /* AlwaysAllowedView.swift in Sources */ = {isa = PBXBuildFile; fileRef = 83B619D02B941C4F00EFEA90 /* AlwaysAllowedView.swift */; };
		83B893B62B8FC844005705A3 /* HoverTextView.swift in Sources */ = {isa = PBXBuildFile; fileRef = 83B893B52B8FC844005705A3 /* HoverTextView.swift */; };
		83B893B92B8FCE5F005705A3 /* HoverTextFontView.swift in Sources */ = {isa = PBXBuildFile; fileRef = 83B893B82B8FCE5F005705A3 /* HoverTextFontView.swift */; };
		83B893BB2B8FD381005705A3 /* HoverTextSizeView.swift in Sources */ = {isa = PBXBuildFile; fileRef = 83B893BA2B8FD381005705A3 /* HoverTextSizeView.swift */; };
		83B893BD2B8FD82D005705A3 /* FaceAttentionView.swift in Sources */ = {isa = PBXBuildFile; fileRef = 83B893BC2B8FD82D005705A3 /* FaceAttentionView.swift */; };
		83B893C02B8FDBE8005705A3 /* iPhone15_Pro_NaturalTitanium_v0005-D83-D84.usdz in Resources */ = {isa = PBXBuildFile; fileRef = 83B893BF2B8FDBE8005705A3 /* iPhone15_Pro_NaturalTitanium_v0005-D83-D84.usdz */; };
		83B98E302B7C087B007F6C94 /* IconToggle.swift in Sources */ = {isa = PBXBuildFile; fileRef = 83B98E2F2B7C087B007F6C94 /* IconToggle.swift */; };
		83D3085C2B8AC2FA002A9B7F /* SafariAdvancedView.swift in Sources */ = {isa = PBXBuildFile; fileRef = 83D3085B2B8AC2FA002A9B7F /* SafariAdvancedView.swift */; };
		83D3085F2B8AC3D3002A9B7F /* FeatureFlagsView.swift in Sources */ = {isa = PBXBuildFile; fileRef = 83D3085E2B8AC3D3002A9B7F /* FeatureFlagsView.swift */; };
		83D308612B8ACC8C002A9B7F /* AdvancedTrackingFingerprintingProtectionView.swift in Sources */ = {isa = PBXBuildFile; fileRef = 83D308602B8ACC8C002A9B7F /* AdvancedTrackingFingerprintingProtectionView.swift */; };
		83D308632B8ACD22002A9B7F /* WebsiteDataView.swift in Sources */ = {isa = PBXBuildFile; fileRef = 83D308622B8ACD22002A9B7F /* WebsiteDataView.swift */; };
		83D308652B8ACF48002A9B7F /* SafariLocationView.swift in Sources */ = {isa = PBXBuildFile; fileRef = 83D308642B8ACF48002A9B7F /* SafariLocationView.swift */; };
		83D308672B8AD059002A9B7F /* SafariMicrophoneView.swift in Sources */ = {isa = PBXBuildFile; fileRef = 83D308662B8AD059002A9B7F /* SafariMicrophoneView.swift */; };
		83D308692B8AD145002A9B7F /* SafariCameraView.swift in Sources */ = {isa = PBXBuildFile; fileRef = 83D308682B8AD145002A9B7F /* SafariCameraView.swift */; };
		83D3086B2B8AD1F3002A9B7F /* SafariReaderView.swift in Sources */ = {isa = PBXBuildFile; fileRef = 83D3086A2B8AD1F3002A9B7F /* SafariReaderView.swift */; };
		83D3086D2B8AD2BC002A9B7F /* RequestDesktopWebsiteView.swift in Sources */ = {isa = PBXBuildFile; fileRef = 83D3086C2B8AD2BC002A9B7F /* RequestDesktopWebsiteView.swift */; };
		83D3086F2B8AD4E7002A9B7F /* PageZoomView.swift in Sources */ = {isa = PBXBuildFile; fileRef = 83D3086E2B8AD4E7002A9B7F /* PageZoomView.swift */; };
		83D31F6F2B8D1DCB0057CFDB /* LargerTextView.swift in Sources */ = {isa = PBXBuildFile; fileRef = 83D31F6E2B8D1DCB0057CFDB /* LargerTextView.swift */; };
		83D31F712B8D22DD0057CFDB /* MotionView.swift in Sources */ = {isa = PBXBuildFile; fileRef = 83D31F702B8D22DD0057CFDB /* MotionView.swift */; };
		83D31F732B8D458E0057CFDB /* SpeakSelectionView.swift in Sources */ = {isa = PBXBuildFile; fileRef = 83D31F722B8D458E0057CFDB /* SpeakSelectionView.swift */; };
		83D31F762B8D48870057CFDB /* PronunciationsView.swift in Sources */ = {isa = PBXBuildFile; fileRef = 83D31F752B8D48870057CFDB /* PronunciationsView.swift */; };
		83D31F792B8D49820057CFDB /* ReplacementView.swift in Sources */ = {isa = PBXBuildFile; fileRef = 83D31F782B8D49820057CFDB /* ReplacementView.swift */; };
		83D31F7C2B8D67460057CFDB /* PronunciationLanguagesView.swift in Sources */ = {isa = PBXBuildFile; fileRef = 83D31F7B2B8D67460057CFDB /* PronunciationLanguagesView.swift */; };
		83D31F7E2B8D707D0057CFDB /* PronunciationVoicesView.swift in Sources */ = {isa = PBXBuildFile; fileRef = 83D31F7D2B8D707D0057CFDB /* PronunciationVoicesView.swift */; };
		83D31F802B8D74A10057CFDB /* HighlightContentView.swift in Sources */ = {isa = PBXBuildFile; fileRef = 83D31F7F2B8D74A10057CFDB /* HighlightContentView.swift */; };
		83D31F832B8D9AAC0057CFDB /* HighlightColorView.swift in Sources */ = {isa = PBXBuildFile; fileRef = 83D31F822B8D9AAC0057CFDB /* HighlightColorView.swift */; };
		83D31F852B8E3C640057CFDB /* SpeakSelectionVoicesView.swift in Sources */ = {isa = PBXBuildFile; fileRef = 83D31F842B8E3C640057CFDB /* SpeakSelectionVoicesView.swift */; };
		83D31F882B8E3DA90057CFDB /* SpeakSelectionVoiceDetailView.swift in Sources */ = {isa = PBXBuildFile; fileRef = 83D31F872B8E3DA90057CFDB /* SpeakSelectionVoiceDetailView.swift */; };
		83D31F8B2B8E3DF60057CFDB /* VoiceDetailView.swift in Sources */ = {isa = PBXBuildFile; fileRef = 83D31F8A2B8E3DF60057CFDB /* VoiceDetailView.swift */; };
		83D31F8D2B8E41110057CFDB /* TouchView.swift in Sources */ = {isa = PBXBuildFile; fileRef = 83D31F8C2B8E41110057CFDB /* TouchView.swift */; };
		83D31F902B8E44E60057CFDB /* AssistiveTouchView.swift in Sources */ = {isa = PBXBuildFile; fileRef = 83D31F8F2B8E44E60057CFDB /* AssistiveTouchView.swift */; };
		83D31F932B8E643E0057CFDB /* FallbackActionView.swift in Sources */ = {isa = PBXBuildFile; fileRef = 83D31F922B8E643E0057CFDB /* FallbackActionView.swift */; };
		83D31F952B8E64550057CFDB /* MovementToleranceView.swift in Sources */ = {isa = PBXBuildFile; fileRef = 83D31F942B8E64550057CFDB /* MovementToleranceView.swift */; };
		83D31F972B8E645D0057CFDB /* HotCornersView.swift in Sources */ = {isa = PBXBuildFile; fileRef = 83D31F962B8E645D0057CFDB /* HotCornersView.swift */; };
		83D31F9A2B8E6B360057CFDB /* HotCornersDetailView.swift in Sources */ = {isa = PBXBuildFile; fileRef = 83D31F992B8E6B360057CFDB /* HotCornersDetailView.swift */; };
		83D4CB762B7FF0B000D6087D /* WebContentView.swift in Sources */ = {isa = PBXBuildFile; fileRef = 83D4CB752B7FF0B000D6087D /* WebContentView.swift */; };
		83DF95742B841F0900AEEB63 /* DownloadedLanguagesView.swift in Sources */ = {isa = PBXBuildFile; fileRef = 83DF95732B841F0900AEEB63 /* DownloadedLanguagesView.swift */; };
		83DF95762B84266E00AEEB63 /* SiriSearchDetailView.swift in Sources */ = {isa = PBXBuildFile; fileRef = 83DF95752B84266E00AEEB63 /* SiriSearchDetailView.swift */; };
		83DF95792B84391F00AEEB63 /* SiriAppClipsView.swift in Sources */ = {isa = PBXBuildFile; fileRef = 83DF95782B84391E00AEEB63 /* SiriAppClipsView.swift */; };
		83F3F6A12B7D12B6003CC310 /* DictionaryView.swift in Sources */ = {isa = PBXBuildFile; fileRef = 83F3F6A02B7D12B6003CC310 /* DictionaryView.swift */; };
		83F3F6A32B7D1454003CC310 /* VPNDeviceManagementView.swift in Sources */ = {isa = PBXBuildFile; fileRef = 83F3F6A22B7D1454003CC310 /* VPNDeviceManagementView.swift */; };
		83F3F6A52B7D16F6003CC310 /* GameControllerView.swift in Sources */ = {isa = PBXBuildFile; fileRef = 83F3F6A42B7D16F6003CC310 /* GameControllerView.swift */; };
		83F3F6A72B7D2BAA003CC310 /* FontsView.swift in Sources */ = {isa = PBXBuildFile; fileRef = 83F3F6A62B7D2BAA003CC310 /* FontsView.swift */; };
		83F3F6A92B7D2EFE003CC310 /* LanguageRegionView.swift in Sources */ = {isa = PBXBuildFile; fileRef = 83F3F6A82B7D2EFE003CC310 /* LanguageRegionView.swift */; };
		83F626D42B827F0C00ED343F /* DisplayZoomView.swift in Sources */ = {isa = PBXBuildFile; fileRef = 83F626D32B827F0C00ED343F /* DisplayZoomView.swift */; };
		83F626D62B82884300ED343F /* AirPlaySuggestionsView.swift in Sources */ = {isa = PBXBuildFile; fileRef = 83F626D52B82884300ED343F /* AirPlaySuggestionsView.swift */; };
		83F626D82B8289E100ED343F /* TVProviderView.swift in Sources */ = {isa = PBXBuildFile; fileRef = 83F626D72B8289E100ED343F /* TVProviderView.swift */; };
		83F626DA2B828E8C00ED343F /* TVAppView.swift in Sources */ = {isa = PBXBuildFile; fileRef = 83F626D92B828E8C00ED343F /* TVAppView.swift */; };
		83F78A0F2B8E7D5000025062 /* ControlNearbyDevicesView.swift in Sources */ = {isa = PBXBuildFile; fileRef = 83F78A0E2B8E7D5000025062 /* ControlNearbyDevicesView.swift */; };
		83F78A122B8E7F6D00025062 /* AccessibilityKeyboardsView.swift in Sources */ = {isa = PBXBuildFile; fileRef = 83F78A112B8E7F6D00025062 /* AccessibilityKeyboardsView.swift */; };
		83F78A142B8E87BF00025062 /* FullKeyboardAccessView.swift in Sources */ = {isa = PBXBuildFile; fileRef = 83F78A132B8E87BF00025062 /* FullKeyboardAccessView.swift */; };
		83F78A172B8E888600025062 /* KeyboardCommandsView.swift in Sources */ = {isa = PBXBuildFile; fileRef = 83F78A162B8E888600025062 /* KeyboardCommandsView.swift */; };
		83F78A192B8E8CFD00025062 /* AutoHideView.swift in Sources */ = {isa = PBXBuildFile; fileRef = 83F78A182B8E8CFD00025062 /* AutoHideView.swift */; };
		83F78A1B2B8E8E3900025062 /* KeyboardColorView.swift in Sources */ = {isa = PBXBuildFile; fileRef = 83F78A1A2B8E8E3900025062 /* KeyboardColorView.swift */; };
		83F78A1D2B8E90F300025062 /* KeyRepeatView.swift in Sources */ = {isa = PBXBuildFile; fileRef = 83F78A1C2B8E90F300025062 /* KeyRepeatView.swift */; };
		83F78A1F2B8E92AD00025062 /* StickyKeysView.swift in Sources */ = {isa = PBXBuildFile; fileRef = 83F78A1E2B8E92AD00025062 /* StickyKeysView.swift */; };
		83F78A212B8E935300025062 /* SlowKeysView.swift in Sources */ = {isa = PBXBuildFile; fileRef = 83F78A202B8E935300025062 /* SlowKeysView.swift */; };
		83F78A232B8E99D200025062 /* SubtitlesCaptioningView.swift in Sources */ = {isa = PBXBuildFile; fileRef = 83F78A222B8E99D200025062 /* SubtitlesCaptioningView.swift */; };
		83F78A262B8E9ABB00025062 /* StyleView.swift in Sources */ = {isa = PBXBuildFile; fileRef = 83F78A252B8E9ABB00025062 /* StyleView.swift */; };
		83F78A282B8EA1FF00025062 /* LiveSpeechView.swift in Sources */ = {isa = PBXBuildFile; fileRef = 83F78A272B8EA1FF00025062 /* LiveSpeechView.swift */; };
		83F78A2B2B8EA38300025062 /* FavoritePhrasesView.swift in Sources */ = {isa = PBXBuildFile; fileRef = 83F78A2A2B8EA38300025062 /* FavoritePhrasesView.swift */; };
		83F78A2D2B8EA3C900025062 /* AddFavoritePhraseView.swift in Sources */ = {isa = PBXBuildFile; fileRef = 83F78A2C2B8EA3C900025062 /* AddFavoritePhraseView.swift */; };
/* End PBXBuildFile section */

/* Begin PBXFileReference section */
		8319CE482B86D198007EC822 /* SecurityRecommendationsView.swift */ = {isa = PBXFileReference; lastKnownFileType = sourcecode.swift; path = SecurityRecommendationsView.swift; sourceTree = "<group>"; };
		8319CE4A2B86D22E007EC822 /* PasswordOptionsView.swift */ = {isa = PBXFileReference; lastKnownFileType = sourcecode.swift; path = PasswordOptionsView.swift; sourceTree = "<group>"; };
		8319CE4C2B86D380007EC822 /* SafetyCheckView.swift */ = {isa = PBXFileReference; lastKnownFileType = sourcecode.swift; path = SafetyCheckView.swift; sourceTree = "<group>"; };
		8319CE4E2B86DB44007EC822 /* SensitiveContentWarningView.swift */ = {isa = PBXFileReference; lastKnownFileType = sourcecode.swift; path = SensitiveContentWarningView.swift; sourceTree = "<group>"; };
		8319CE502B86DF8A007EC822 /* AppleAdvertisingView.swift */ = {isa = PBXFileReference; lastKnownFileType = sourcecode.swift; path = AppleAdvertisingView.swift; sourceTree = "<group>"; };
		832928482B85779D006611CF /* TrackingView.swift */ = {isa = PBXFileReference; lastKnownFileType = sourcecode.swift; path = TrackingView.swift; sourceTree = "<group>"; };
		8329284A2B8578F4006611CF /* AppPermissionsView.swift */ = {isa = PBXFileReference; lastKnownFileType = sourcecode.swift; path = AppPermissionsView.swift; sourceTree = "<group>"; };
		8329284D2B8580B3006611CF /* HeadphoneAudioLevelsView.swift */ = {isa = PBXFileReference; lastKnownFileType = sourcecode.swift; path = HeadphoneAudioLevelsView.swift; sourceTree = "<group>"; };
		832EF3892B8071C00066A1BF /* RestrictionsLocationServicesView.swift */ = {isa = PBXFileReference; lastKnownFileType = sourcecode.swift; path = RestrictionsLocationServicesView.swift; sourceTree = "<group>"; };
		832EF38B2B81264E0066A1BF /* LocationAlertsView.swift */ = {isa = PBXFileReference; lastKnownFileType = sourcecode.swift; path = LocationAlertsView.swift; sourceTree = "<group>"; };
		832EF38E2B814EC80066A1BF /* LocationPermissionsDetailView.swift */ = {isa = PBXFileReference; lastKnownFileType = sourcecode.swift; path = LocationPermissionsDetailView.swift; sourceTree = "<group>"; };
		832EF3902B8172560066A1BF /* AppClipsView.swift */ = {isa = PBXFileReference; lastKnownFileType = sourcecode.swift; path = AppClipsView.swift; sourceTree = "<group>"; };
		832EF3922B8179070066A1BF /* SystemServicesView.swift */ = {isa = PBXFileReference; lastKnownFileType = sourcecode.swift; path = SystemServicesView.swift; sourceTree = "<group>"; };
		832EF3942B8182550066A1BF /* ContentPrivacyRestrictionsDetailView.swift */ = {isa = PBXFileReference; lastKnownFileType = sourcecode.swift; path = ContentPrivacyRestrictionsDetailView.swift; sourceTree = "<group>"; };
		832EF3972B8190430066A1BF /* DateFormatView.swift */ = {isa = PBXFileReference; lastKnownFileType = sourcecode.swift; path = DateFormatView.swift; sourceTree = "<group>"; };
		832EF39A2B8192A90066A1BF /* DictationShortcutView.swift */ = {isa = PBXFileReference; lastKnownFileType = sourcecode.swift; path = DictationShortcutView.swift; sourceTree = "<group>"; };
		832EF39C2B8193B50066A1BF /* OneHandedKeyboardView.swift */ = {isa = PBXFileReference; lastKnownFileType = sourcecode.swift; path = OneHandedKeyboardView.swift; sourceTree = "<group>"; };
		832EF39E2B8197980066A1BF /* TextReplacementView.swift */ = {isa = PBXFileReference; lastKnownFileType = sourcecode.swift; path = TextReplacementView.swift; sourceTree = "<group>"; };
		832EF3A12B8198570066A1BF /* AddTextReplacementView.swift */ = {isa = PBXFileReference; lastKnownFileType = sourcecode.swift; path = AddTextReplacementView.swift; sourceTree = "<group>"; };
		832EF3A32B8199FA0066A1BF /* HardwareKeyboardView.swift */ = {isa = PBXFileReference; lastKnownFileType = sourcecode.swift; path = HardwareKeyboardView.swift; sourceTree = "<group>"; };
		832EF3A62B819B2E0066A1BF /* ModifierKeysView.swift */ = {isa = PBXFileReference; lastKnownFileType = sourcecode.swift; path = ModifierKeysView.swift; sourceTree = "<group>"; };
		832EF3A82B819BB90066A1BF /* HardwareKeyboardLanguageView.swift */ = {isa = PBXFileReference; lastKnownFileType = sourcecode.swift; path = HardwareKeyboardLanguageView.swift; sourceTree = "<group>"; };
		832EF3AA2B819C2A0066A1BF /* KeyboardsView.swift */ = {isa = PBXFileReference; lastKnownFileType = sourcecode.swift; path = KeyboardsView.swift; sourceTree = "<group>"; };
		833F0ACC2B744D180036EAD2 /* Preferences.app */ = {isa = PBXFileReference; explicitFileType = wrapper.application; includeInIndex = 0; path = Preferences.app; sourceTree = BUILT_PRODUCTS_DIR; };
		833F0ACF2B744D180036EAD2 /* PreferencesApp.swift */ = {isa = PBXFileReference; lastKnownFileType = sourcecode.swift; path = PreferencesApp.swift; sourceTree = "<group>"; };
		833F0AD12B744D180036EAD2 /* ContentView.swift */ = {isa = PBXFileReference; lastKnownFileType = sourcecode.swift; path = ContentView.swift; sourceTree = "<group>"; };
		833F0AD32B744D190036EAD2 /* Assets.xcassets */ = {isa = PBXFileReference; lastKnownFileType = folder.assetcatalog; path = Assets.xcassets; sourceTree = "<group>"; };
		833F0AD62B744D190036EAD2 /* Preview Assets.xcassets */ = {isa = PBXFileReference; lastKnownFileType = folder.assetcatalog; path = "Preview Assets.xcassets"; sourceTree = "<group>"; };
		833F190A2B8BE05A00067C37 /* DisplayTextSizeView.swift */ = {isa = PBXFileReference; lastKnownFileType = sourcecode.swift; path = DisplayTextSizeView.swift; sourceTree = "<group>"; };
		835683912B753FDD000FB136 /* SettingsLink.swift */ = {isa = PBXFileReference; lastKnownFileType = sourcecode.swift; path = SettingsLink.swift; sourceTree = "<group>"; };
		835683932B754623000FB136 /* SettingsLabel.swift */ = {isa = PBXFileReference; lastKnownFileType = sourcecode.swift; path = SettingsLabel.swift; sourceTree = "<group>"; };
		835683962B754EE4000FB136 /* VersionView.swift */ = {isa = PBXFileReference; lastKnownFileType = sourcecode.swift; path = VersionView.swift; sourceTree = "<group>"; };
		835683982B7551D3000FB136 /* CertificateTrustSettingsView.swift */ = {isa = PBXFileReference; lastKnownFileType = sourcecode.swift; path = CertificateTrustSettingsView.swift; sourceTree = "<group>"; };
		8356839A2B755AB3000FB136 /* KeyboardView.swift */ = {isa = PBXFileReference; lastKnownFileType = sourcecode.swift; path = KeyboardView.swift; sourceTree = "<group>"; };
		83585B702B88475A0046A0C3 /* DrivingView.swift */ = {isa = PBXFileReference; lastKnownFileType = sourcecode.swift; path = DrivingView.swift; sourceTree = "<group>"; };
		83585B722B8847A70046A0C3 /* WalkingView.swift */ = {isa = PBXFileReference; lastKnownFileType = sourcecode.swift; path = WalkingView.swift; sourceTree = "<group>"; };
		83585B742B8848110046A0C3 /* TransitView.swift */ = {isa = PBXFileReference; lastKnownFileType = sourcecode.swift; path = TransitView.swift; sourceTree = "<group>"; };
		83585B762B8848430046A0C3 /* CyclingView.swift */ = {isa = PBXFileReference; lastKnownFileType = sourcecode.swift; path = CyclingView.swift; sourceTree = "<group>"; };
		8373E7312B910AF8004285EA /* AppWebsiteActivitySheetView.swift */ = {isa = PBXFileReference; lastKnownFileType = sourcecode.swift; path = AppWebsiteActivitySheetView.swift; sourceTree = "<group>"; };
		8373E7332B9162BD004285EA /* ScreenDistanceSheetView.swift */ = {isa = PBXFileReference; lastKnownFileType = sourcecode.swift; path = ScreenDistanceSheetView.swift; sourceTree = "<group>"; };
		8373E7352B91660F004285EA /* SensitivePhotosVideosProtectionSheetView.swift */ = {isa = PBXFileReference; lastKnownFileType = sourcecode.swift; path = SensitivePhotosVideosProtectionSheetView.swift; sourceTree = "<group>"; };
		8373E7372B9168C9004285EA /* CommunicationSafetyView.swift */ = {isa = PBXFileReference; lastKnownFileType = sourcecode.swift; path = CommunicationSafetyView.swift; sourceTree = "<group>"; };
		837B0F5A2B8989E000B22455 /* SiriLanguageView.swift */ = {isa = PBXFileReference; lastKnownFileType = sourcecode.swift; path = SiriLanguageView.swift; sourceTree = "<group>"; };
		837B0F5D2B89986B00B22455 /* EnglishIndiaView.swift */ = {isa = PBXFileReference; lastKnownFileType = sourcecode.swift; path = EnglishIndiaView.swift; sourceTree = "<group>"; };
		837B0F5F2B89B22900B22455 /* SiriVoiceView.swift */ = {isa = PBXFileReference; lastKnownFileType = sourcecode.swift; path = SiriVoiceView.swift; sourceTree = "<group>"; };
		837B0F612B89B49B00B22455 /* SiriResponsesView.swift */ = {isa = PBXFileReference; lastKnownFileType = sourcecode.swift; path = SiriResponsesView.swift; sourceTree = "<group>"; };
		837B0F632B89B5E700B22455 /* SiriDictationHistoryView.swift */ = {isa = PBXFileReference; lastKnownFileType = sourcecode.swift; path = SiriDictationHistoryView.swift; sourceTree = "<group>"; };
		837C03062B7F192F004D6C71 /* AppInstallationsPurchasesView.swift */ = {isa = PBXFileReference; lastKnownFileType = sourcecode.swift; path = AppInstallationsPurchasesView.swift; sourceTree = "<group>"; };
		837C03082B7F1AE0004D6C71 /* SelectOptionList.swift */ = {isa = PBXFileReference; lastKnownFileType = sourcecode.swift; path = SelectOptionList.swift; sourceTree = "<group>"; };
		837F1DC42B8AEC1E00665EAB /* HideAddressView.swift */ = {isa = PBXFileReference; lastKnownFileType = sourcecode.swift; path = HideAddressView.swift; sourceTree = "<group>"; };
		837F1DCA2B8AEF1A00665EAB /* DownloadsView.swift */ = {isa = PBXFileReference; lastKnownFileType = sourcecode.swift; path = DownloadsView.swift; sourceTree = "<group>"; };
		837F1DCC2B8AF0D400665EAB /* ExtensionsView.swift */ = {isa = PBXFileReference; lastKnownFileType = sourcecode.swift; path = ExtensionsView.swift; sourceTree = "<group>"; };
		837F1DCE2B8AF13600665EAB /* FavoritesView.swift */ = {isa = PBXFileReference; lastKnownFileType = sourcecode.swift; path = FavoritesView.swift; sourceTree = "<group>"; };
		837F1DD02B8AF1C500665EAB /* AutoFillView.swift */ = {isa = PBXFileReference; lastKnownFileType = sourcecode.swift; path = AutoFillView.swift; sourceTree = "<group>"; };
		837F1DD32B8AF2B400665EAB /* CreditCardsView.swift */ = {isa = PBXFileReference; lastKnownFileType = sourcecode.swift; path = CreditCardsView.swift; sourceTree = "<group>"; };
		837F1DD52B8AF31F00665EAB /* QuickWebsiteSearchView.swift */ = {isa = PBXFileReference; lastKnownFileType = sourcecode.swift; path = QuickWebsiteSearchView.swift; sourceTree = "<group>"; };
		83815CDE2B768C2200F53A0F /* AccessibilityView.swift */ = {isa = PBXFileReference; lastKnownFileType = sourcecode.swift; path = AccessibilityView.swift; sourceTree = "<group>"; };
		83815CE02B768CF300F53A0F /* MultitaskingGesturesView.swift */ = {isa = PBXFileReference; lastKnownFileType = sourcecode.swift; path = MultitaskingGesturesView.swift; sourceTree = "<group>"; };
		83815CE22B768D5800F53A0F /* PrivacySecurityView.swift */ = {isa = PBXFileReference; lastKnownFileType = sourcecode.swift; path = PrivacySecurityView.swift; sourceTree = "<group>"; };
		83815CE42B768DBA00F53A0F /* PasswordsView.swift */ = {isa = PBXFileReference; lastKnownFileType = sourcecode.swift; path = PasswordsView.swift; sourceTree = "<group>"; };
		83815CE62B768DF100F53A0F /* SafariView.swift */ = {isa = PBXFileReference; lastKnownFileType = sourcecode.swift; path = SafariView.swift; sourceTree = "<group>"; };
		83815CE82B768E3600F53A0F /* NewsView.swift */ = {isa = PBXFileReference; lastKnownFileType = sourcecode.swift; path = NewsView.swift; sourceTree = "<group>"; };
		83815CEA2B768E4A00F53A0F /* TranslateView.swift */ = {isa = PBXFileReference; lastKnownFileType = sourcecode.swift; path = TranslateView.swift; sourceTree = "<group>"; };
		83815CEC2B768E8300F53A0F /* MapsView.swift */ = {isa = PBXFileReference; lastKnownFileType = sourcecode.swift; path = MapsView.swift; sourceTree = "<group>"; };
		83815CEE2B768EF000F53A0F /* ShortcutsView.swift */ = {isa = PBXFileReference; lastKnownFileType = sourcecode.swift; path = ShortcutsView.swift; sourceTree = "<group>"; };
		83815CF02B768F0500F53A0F /* HealthView.swift */ = {isa = PBXFileReference; lastKnownFileType = sourcecode.swift; path = HealthView.swift; sourceTree = "<group>"; };
		83815CF22B768F1E00F53A0F /* SiriSearchView.swift */ = {isa = PBXFileReference; lastKnownFileType = sourcecode.swift; path = SiriSearchView.swift; sourceTree = "<group>"; };
		83815CF42B768F3600F53A0F /* PhotosView.swift */ = {isa = PBXFileReference; lastKnownFileType = sourcecode.swift; path = PhotosView.swift; sourceTree = "<group>"; };
		83815CF62B768F4800F53A0F /* GameCenterView.swift */ = {isa = PBXFileReference; lastKnownFileType = sourcecode.swift; path = GameCenterView.swift; sourceTree = "<group>"; };
		83815CF82B768F5C00F53A0F /* DeveloperView.swift */ = {isa = PBXFileReference; lastKnownFileType = sourcecode.swift; path = DeveloperView.swift; sourceTree = "<group>"; };
		83815CFA2B76908700F53A0F /* ActionButtonView.swift */ = {isa = PBXFileReference; lastKnownFileType = sourcecode.swift; path = ActionButtonView.swift; sourceTree = "<group>"; };
		8382739B2B7F21E4000F4228 /* AllowedAppsView.swift */ = {isa = PBXFileReference; lastKnownFileType = sourcecode.swift; path = AllowedAppsView.swift; sourceTree = "<group>"; };
		8382739D2B7F25D4000F4228 /* ContentRestrictionsView.swift */ = {isa = PBXFileReference; lastKnownFileType = sourcecode.swift; path = ContentRestrictionsView.swift; sourceTree = "<group>"; };
		838273A02B7F28D6000F4228 /* MoviesView.swift */ = {isa = PBXFileReference; lastKnownFileType = sourcecode.swift; path = MoviesView.swift; sourceTree = "<group>"; };
		838273A22B7FD37B000F4228 /* TVView.swift */ = {isa = PBXFileReference; lastKnownFileType = sourcecode.swift; path = TVView.swift; sourceTree = "<group>"; };
		838273A42B7FD4CF000F4228 /* AppsView.swift */ = {isa = PBXFileReference; lastKnownFileType = sourcecode.swift; path = AppsView.swift; sourceTree = "<group>"; };
		83898FC92B8A8F210020C7BB /* HealthDetailsView.swift */ = {isa = PBXFileReference; lastKnownFileType = sourcecode.swift; path = HealthDetailsView.swift; sourceTree = "<group>"; };
		83898FCC2B8A94BE0020C7BB /* HealthDetailsDataView.swift */ = {isa = PBXFileReference; lastKnownFileType = sourcecode.swift; path = HealthDetailsDataView.swift; sourceTree = "<group>"; };
		83898FCE2B8A9A1F0020C7BB /* MedicalView.swift */ = {isa = PBXFileReference; lastKnownFileType = sourcecode.swift; path = MedicalView.swift; sourceTree = "<group>"; };
		83898FD02B8A9F680020C7BB /* DataAccessDevicesView.swift */ = {isa = PBXFileReference; lastKnownFileType = sourcecode.swift; path = DataAccessDevicesView.swift; sourceTree = "<group>"; };
		83898FD32B8AA25A0020C7BB /* ShortcutsAdvancedView.swift */ = {isa = PBXFileReference; lastKnownFileType = sourcecode.swift; path = ShortcutsAdvancedView.swift; sourceTree = "<group>"; };
		838A9EC12B7E81EC00ED261C /* ContentPrivacyRestrictionsView.swift */ = {isa = PBXFileReference; lastKnownFileType = sourcecode.swift; path = ContentPrivacyRestrictionsView.swift; sourceTree = "<group>"; };
		838A9EC32B7E823300ED261C /* CustomNavigationLink.swift */ = {isa = PBXFileReference; lastKnownFileType = sourcecode.swift; path = CustomNavigationLink.swift; sourceTree = "<group>"; };
		838C23222B746CF90053D4C5 /* GeneralView.swift */ = {isa = PBXFileReference; lastKnownFileType = sourcecode.swift; path = GeneralView.swift; sourceTree = "<group>"; };
		838C23252B746D290053D4C5 /* SettingsModel.swift */ = {isa = PBXFileReference; lastKnownFileType = sourcecode.swift; path = SettingsModel.swift; sourceTree = "<group>"; };
		838C23282B748F3B0053D4C5 /* ScreenTimeView.swift */ = {isa = PBXFileReference; lastKnownFileType = sourcecode.swift; path = ScreenTimeView.swift; sourceTree = "<group>"; };
		838C232A2B7492170053D4C5 /* CustomList.swift */ = {isa = PBXFileReference; lastKnownFileType = sourcecode.swift; path = CustomList.swift; sourceTree = "<group>"; };
		838C232D2B7497530053D4C5 /* AboutView.swift */ = {isa = PBXFileReference; lastKnownFileType = sourcecode.swift; path = AboutView.swift; sourceTree = "<group>"; };
		838C232F2B74978C0053D4C5 /* HText.swift */ = {isa = PBXFileReference; lastKnownFileType = sourcecode.swift; path = HText.swift; sourceTree = "<group>"; };
		83B619C82B93DEBD00EFEA90 /* ScreenDistanceView.swift */ = {isa = PBXFileReference; lastKnownFileType = sourcecode.swift; path = ScreenDistanceView.swift; sourceTree = "<group>"; };
		83B619CA2B93EE2400EFEA90 /* AppWebsiteActivityView.swift */ = {isa = PBXFileReference; lastKnownFileType = sourcecode.swift; path = AppWebsiteActivityView.swift; sourceTree = "<group>"; };
		83B619CC2B93F91500EFEA90 /* DowntimeView.swift */ = {isa = PBXFileReference; lastKnownFileType = sourcecode.swift; path = DowntimeView.swift; sourceTree = "<group>"; };
		83B619CE2B941B9C00EFEA90 /* AppLimitsView.swift */ = {isa = PBXFileReference; lastKnownFileType = sourcecode.swift; path = AppLimitsView.swift; sourceTree = "<group>"; };
		83B619D02B941C4F00EFEA90 /* AlwaysAllowedView.swift */ = {isa = PBXFileReference; lastKnownFileType = sourcecode.swift; path = AlwaysAllowedView.swift; sourceTree = "<group>"; };
		83B893B52B8FC844005705A3 /* HoverTextView.swift */ = {isa = PBXFileReference; lastKnownFileType = sourcecode.swift; path = HoverTextView.swift; sourceTree = "<group>"; };
		83B893B82B8FCE5F005705A3 /* HoverTextFontView.swift */ = {isa = PBXFileReference; lastKnownFileType = sourcecode.swift; path = HoverTextFontView.swift; sourceTree = "<group>"; };
		83B893BA2B8FD381005705A3 /* HoverTextSizeView.swift */ = {isa = PBXFileReference; lastKnownFileType = sourcecode.swift; path = HoverTextSizeView.swift; sourceTree = "<group>"; };
		83B893BC2B8FD82D005705A3 /* FaceAttentionView.swift */ = {isa = PBXFileReference; lastKnownFileType = sourcecode.swift; path = FaceAttentionView.swift; sourceTree = "<group>"; };
		83B893BF2B8FDBE8005705A3 /* iPhone15_Pro_NaturalTitanium_v0005-D83-D84.usdz */ = {isa = PBXFileReference; lastKnownFileType = file.usdz; path = "iPhone15_Pro_NaturalTitanium_v0005-D83-D84.usdz"; sourceTree = "<group>"; };
		83B893C12B8FDD94005705A3 /* README.md */ = {isa = PBXFileReference; lastKnownFileType = net.daringfireball.markdown; path = README.md; sourceTree = "<group>"; };
		83B98E2F2B7C087B007F6C94 /* IconToggle.swift */ = {isa = PBXFileReference; lastKnownFileType = sourcecode.swift; path = IconToggle.swift; sourceTree = "<group>"; };
		83CC61982B7952B800DAF0C1 /* Info.plist */ = {isa = PBXFileReference; lastKnownFileType = text.plist; path = Info.plist; sourceTree = "<group>"; };
		83D3085B2B8AC2FA002A9B7F /* SafariAdvancedView.swift */ = {isa = PBXFileReference; lastKnownFileType = sourcecode.swift; path = SafariAdvancedView.swift; sourceTree = "<group>"; };
		83D3085E2B8AC3D3002A9B7F /* FeatureFlagsView.swift */ = {isa = PBXFileReference; lastKnownFileType = sourcecode.swift; path = FeatureFlagsView.swift; sourceTree = "<group>"; };
		83D308602B8ACC8C002A9B7F /* AdvancedTrackingFingerprintingProtectionView.swift */ = {isa = PBXFileReference; lastKnownFileType = sourcecode.swift; path = AdvancedTrackingFingerprintingProtectionView.swift; sourceTree = "<group>"; };
		83D308622B8ACD22002A9B7F /* WebsiteDataView.swift */ = {isa = PBXFileReference; lastKnownFileType = sourcecode.swift; path = WebsiteDataView.swift; sourceTree = "<group>"; };
		83D308642B8ACF48002A9B7F /* SafariLocationView.swift */ = {isa = PBXFileReference; lastKnownFileType = sourcecode.swift; path = SafariLocationView.swift; sourceTree = "<group>"; };
		83D308662B8AD059002A9B7F /* SafariMicrophoneView.swift */ = {isa = PBXFileReference; lastKnownFileType = sourcecode.swift; path = SafariMicrophoneView.swift; sourceTree = "<group>"; };
		83D308682B8AD145002A9B7F /* SafariCameraView.swift */ = {isa = PBXFileReference; lastKnownFileType = sourcecode.swift; path = SafariCameraView.swift; sourceTree = "<group>"; };
		83D3086A2B8AD1F3002A9B7F /* SafariReaderView.swift */ = {isa = PBXFileReference; lastKnownFileType = sourcecode.swift; path = SafariReaderView.swift; sourceTree = "<group>"; };
		83D3086C2B8AD2BC002A9B7F /* RequestDesktopWebsiteView.swift */ = {isa = PBXFileReference; lastKnownFileType = sourcecode.swift; path = RequestDesktopWebsiteView.swift; sourceTree = "<group>"; };
		83D3086E2B8AD4E7002A9B7F /* PageZoomView.swift */ = {isa = PBXFileReference; lastKnownFileType = sourcecode.swift; path = PageZoomView.swift; sourceTree = "<group>"; };
		83D31F6E2B8D1DCB0057CFDB /* LargerTextView.swift */ = {isa = PBXFileReference; lastKnownFileType = sourcecode.swift; path = LargerTextView.swift; sourceTree = "<group>"; };
		83D31F702B8D22DD0057CFDB /* MotionView.swift */ = {isa = PBXFileReference; lastKnownFileType = sourcecode.swift; path = MotionView.swift; sourceTree = "<group>"; };
		83D31F722B8D458E0057CFDB /* SpeakSelectionView.swift */ = {isa = PBXFileReference; lastKnownFileType = sourcecode.swift; path = SpeakSelectionView.swift; sourceTree = "<group>"; };
		83D31F752B8D48870057CFDB /* PronunciationsView.swift */ = {isa = PBXFileReference; lastKnownFileType = sourcecode.swift; path = PronunciationsView.swift; sourceTree = "<group>"; };
		83D31F782B8D49820057CFDB /* ReplacementView.swift */ = {isa = PBXFileReference; lastKnownFileType = sourcecode.swift; path = ReplacementView.swift; sourceTree = "<group>"; };
		83D31F7B2B8D67460057CFDB /* PronunciationLanguagesView.swift */ = {isa = PBXFileReference; lastKnownFileType = sourcecode.swift; path = PronunciationLanguagesView.swift; sourceTree = "<group>"; };
		83D31F7D2B8D707D0057CFDB /* PronunciationVoicesView.swift */ = {isa = PBXFileReference; lastKnownFileType = sourcecode.swift; path = PronunciationVoicesView.swift; sourceTree = "<group>"; };
		83D31F7F2B8D74A10057CFDB /* HighlightContentView.swift */ = {isa = PBXFileReference; lastKnownFileType = sourcecode.swift; path = HighlightContentView.swift; sourceTree = "<group>"; };
		83D31F822B8D9AAC0057CFDB /* HighlightColorView.swift */ = {isa = PBXFileReference; lastKnownFileType = sourcecode.swift; path = HighlightColorView.swift; sourceTree = "<group>"; };
		83D31F842B8E3C640057CFDB /* SpeakSelectionVoicesView.swift */ = {isa = PBXFileReference; lastKnownFileType = sourcecode.swift; path = SpeakSelectionVoicesView.swift; sourceTree = "<group>"; };
		83D31F872B8E3DA90057CFDB /* SpeakSelectionVoiceDetailView.swift */ = {isa = PBXFileReference; lastKnownFileType = sourcecode.swift; path = SpeakSelectionVoiceDetailView.swift; sourceTree = "<group>"; };
		83D31F8A2B8E3DF60057CFDB /* VoiceDetailView.swift */ = {isa = PBXFileReference; lastKnownFileType = sourcecode.swift; path = VoiceDetailView.swift; sourceTree = "<group>"; };
		83D31F8C2B8E41110057CFDB /* TouchView.swift */ = {isa = PBXFileReference; lastKnownFileType = sourcecode.swift; path = TouchView.swift; sourceTree = "<group>"; };
		83D31F8F2B8E44E60057CFDB /* AssistiveTouchView.swift */ = {isa = PBXFileReference; lastKnownFileType = sourcecode.swift; path = AssistiveTouchView.swift; sourceTree = "<group>"; };
		83D31F922B8E643E0057CFDB /* FallbackActionView.swift */ = {isa = PBXFileReference; lastKnownFileType = sourcecode.swift; path = FallbackActionView.swift; sourceTree = "<group>"; };
		83D31F942B8E64550057CFDB /* MovementToleranceView.swift */ = {isa = PBXFileReference; lastKnownFileType = sourcecode.swift; path = MovementToleranceView.swift; sourceTree = "<group>"; };
		83D31F962B8E645D0057CFDB /* HotCornersView.swift */ = {isa = PBXFileReference; lastKnownFileType = sourcecode.swift; path = HotCornersView.swift; sourceTree = "<group>"; };
		83D31F992B8E6B360057CFDB /* HotCornersDetailView.swift */ = {isa = PBXFileReference; lastKnownFileType = sourcecode.swift; path = HotCornersDetailView.swift; sourceTree = "<group>"; };
		83D4CB752B7FF0B000D6087D /* WebContentView.swift */ = {isa = PBXFileReference; lastKnownFileType = sourcecode.swift; path = WebContentView.swift; sourceTree = "<group>"; };
		83DF95732B841F0900AEEB63 /* DownloadedLanguagesView.swift */ = {isa = PBXFileReference; lastKnownFileType = sourcecode.swift; path = DownloadedLanguagesView.swift; sourceTree = "<group>"; };
		83DF95752B84266E00AEEB63 /* SiriSearchDetailView.swift */ = {isa = PBXFileReference; lastKnownFileType = sourcecode.swift; path = SiriSearchDetailView.swift; sourceTree = "<group>"; };
		83DF95782B84391E00AEEB63 /* SiriAppClipsView.swift */ = {isa = PBXFileReference; lastKnownFileType = sourcecode.swift; path = SiriAppClipsView.swift; sourceTree = "<group>"; };
		83F3F6A02B7D12B6003CC310 /* DictionaryView.swift */ = {isa = PBXFileReference; lastKnownFileType = sourcecode.swift; path = DictionaryView.swift; sourceTree = "<group>"; };
		83F3F6A22B7D1454003CC310 /* VPNDeviceManagementView.swift */ = {isa = PBXFileReference; lastKnownFileType = sourcecode.swift; path = VPNDeviceManagementView.swift; sourceTree = "<group>"; };
		83F3F6A42B7D16F6003CC310 /* GameControllerView.swift */ = {isa = PBXFileReference; lastKnownFileType = sourcecode.swift; path = GameControllerView.swift; sourceTree = "<group>"; };
		83F3F6A62B7D2BAA003CC310 /* FontsView.swift */ = {isa = PBXFileReference; lastKnownFileType = sourcecode.swift; path = FontsView.swift; sourceTree = "<group>"; };
		83F3F6A82B7D2EFE003CC310 /* LanguageRegionView.swift */ = {isa = PBXFileReference; lastKnownFileType = sourcecode.swift; path = LanguageRegionView.swift; sourceTree = "<group>"; };
		83F626D32B827F0C00ED343F /* DisplayZoomView.swift */ = {isa = PBXFileReference; lastKnownFileType = sourcecode.swift; path = DisplayZoomView.swift; sourceTree = "<group>"; };
		83F626D52B82884300ED343F /* AirPlaySuggestionsView.swift */ = {isa = PBXFileReference; lastKnownFileType = sourcecode.swift; path = AirPlaySuggestionsView.swift; sourceTree = "<group>"; };
		83F626D72B8289E100ED343F /* TVProviderView.swift */ = {isa = PBXFileReference; lastKnownFileType = sourcecode.swift; path = TVProviderView.swift; sourceTree = "<group>"; };
		83F626D92B828E8C00ED343F /* TVAppView.swift */ = {isa = PBXFileReference; lastKnownFileType = sourcecode.swift; path = TVAppView.swift; sourceTree = "<group>"; };
		83F78A0E2B8E7D5000025062 /* ControlNearbyDevicesView.swift */ = {isa = PBXFileReference; lastKnownFileType = sourcecode.swift; path = ControlNearbyDevicesView.swift; sourceTree = "<group>"; };
		83F78A112B8E7F6D00025062 /* AccessibilityKeyboardsView.swift */ = {isa = PBXFileReference; lastKnownFileType = sourcecode.swift; path = AccessibilityKeyboardsView.swift; sourceTree = "<group>"; };
		83F78A132B8E87BF00025062 /* FullKeyboardAccessView.swift */ = {isa = PBXFileReference; lastKnownFileType = sourcecode.swift; path = FullKeyboardAccessView.swift; sourceTree = "<group>"; };
		83F78A162B8E888600025062 /* KeyboardCommandsView.swift */ = {isa = PBXFileReference; lastKnownFileType = sourcecode.swift; path = KeyboardCommandsView.swift; sourceTree = "<group>"; };
		83F78A182B8E8CFD00025062 /* AutoHideView.swift */ = {isa = PBXFileReference; lastKnownFileType = sourcecode.swift; path = AutoHideView.swift; sourceTree = "<group>"; };
		83F78A1A2B8E8E3900025062 /* KeyboardColorView.swift */ = {isa = PBXFileReference; lastKnownFileType = sourcecode.swift; path = KeyboardColorView.swift; sourceTree = "<group>"; };
		83F78A1C2B8E90F300025062 /* KeyRepeatView.swift */ = {isa = PBXFileReference; lastKnownFileType = sourcecode.swift; path = KeyRepeatView.swift; sourceTree = "<group>"; };
		83F78A1E2B8E92AD00025062 /* StickyKeysView.swift */ = {isa = PBXFileReference; lastKnownFileType = sourcecode.swift; path = StickyKeysView.swift; sourceTree = "<group>"; };
		83F78A202B8E935300025062 /* SlowKeysView.swift */ = {isa = PBXFileReference; lastKnownFileType = sourcecode.swift; path = SlowKeysView.swift; sourceTree = "<group>"; };
		83F78A222B8E99D200025062 /* SubtitlesCaptioningView.swift */ = {isa = PBXFileReference; lastKnownFileType = sourcecode.swift; path = SubtitlesCaptioningView.swift; sourceTree = "<group>"; };
		83F78A252B8E9ABB00025062 /* StyleView.swift */ = {isa = PBXFileReference; lastKnownFileType = sourcecode.swift; path = StyleView.swift; sourceTree = "<group>"; };
		83F78A272B8EA1FF00025062 /* LiveSpeechView.swift */ = {isa = PBXFileReference; lastKnownFileType = sourcecode.swift; path = LiveSpeechView.swift; sourceTree = "<group>"; };
		83F78A2A2B8EA38300025062 /* FavoritePhrasesView.swift */ = {isa = PBXFileReference; lastKnownFileType = sourcecode.swift; path = FavoritePhrasesView.swift; sourceTree = "<group>"; };
		83F78A2C2B8EA3C900025062 /* AddFavoritePhraseView.swift */ = {isa = PBXFileReference; lastKnownFileType = sourcecode.swift; path = AddFavoritePhraseView.swift; sourceTree = "<group>"; };
/* End PBXFileReference section */

/* Begin PBXFrameworksBuildPhase section */
		833F0AC92B744D180036EAD2 /* Frameworks */ = {
			isa = PBXFrameworksBuildPhase;
			buildActionMask = 2147483647;
			files = (
			);
			runOnlyForDeploymentPostprocessing = 0;
		};
/* End PBXFrameworksBuildPhase section */

/* Begin PBXGroup section */
		8319CE472B86D17B007EC822 /* Passwords */ = {
			isa = PBXGroup;
			children = (
				8319CE482B86D198007EC822 /* SecurityRecommendationsView.swift */,
				8319CE4A2B86D22E007EC822 /* PasswordOptionsView.swift */,
			);
			path = Passwords;
			sourceTree = "<group>";
		};
		832928472B857763006611CF /* Privacy & Security */ = {
			isa = PBXGroup;
			children = (
				8329284C2B8580AA006611CF /* Health */,
				832928482B85779D006611CF /* TrackingView.swift */,
				8319CE4C2B86D380007EC822 /* SafetyCheckView.swift */,
				8319CE4E2B86DB44007EC822 /* SensitiveContentWarningView.swift */,
				8319CE502B86DF8A007EC822 /* AppleAdvertisingView.swift */,
			);
			path = "Privacy & Security";
			sourceTree = "<group>";
		};
		8329284C2B8580AA006611CF /* Health */ = {
			isa = PBXGroup;
			children = (
				8329284D2B8580B3006611CF /* HeadphoneAudioLevelsView.swift */,
			);
			path = Health;
			sourceTree = "<group>";
		};
		832EF38D2B81268A0066A1BF /* Location Services */ = {
			isa = PBXGroup;
			children = (
				832EF38B2B81264E0066A1BF /* LocationAlertsView.swift */,
				832EF38E2B814EC80066A1BF /* LocationPermissionsDetailView.swift */,
				832EF3902B8172560066A1BF /* AppClipsView.swift */,
				832EF3922B8179070066A1BF /* SystemServicesView.swift */,
			);
			path = "Location Services";
			sourceTree = "<group>";
		};
		832EF3962B818EE80066A1BF /* Language & Region */ = {
			isa = PBXGroup;
			children = (
				832EF3972B8190430066A1BF /* DateFormatView.swift */,
			);
			path = "Language & Region";
			sourceTree = "<group>";
		};
		832EF3992B8192930066A1BF /* Keyboard */ = {
			isa = PBXGroup;
			children = (
				832EF3A52B819A9A0066A1BF /* Hardware Keyboard */,
				832EF3A02B81983F0066A1BF /* Text Replacement */,
				832EF3A32B8199FA0066A1BF /* HardwareKeyboardView.swift */,
				832EF39E2B8197980066A1BF /* TextReplacementView.swift */,
				832EF39C2B8193B50066A1BF /* OneHandedKeyboardView.swift */,
				832EF39A2B8192A90066A1BF /* DictationShortcutView.swift */,
				832EF3AA2B819C2A0066A1BF /* KeyboardsView.swift */,
			);
			path = Keyboard;
			sourceTree = "<group>";
		};
		832EF3A02B81983F0066A1BF /* Text Replacement */ = {
			isa = PBXGroup;
			children = (
				832EF3A12B8198570066A1BF /* AddTextReplacementView.swift */,
			);
			path = "Text Replacement";
			sourceTree = "<group>";
		};
		832EF3A52B819A9A0066A1BF /* Hardware Keyboard */ = {
			isa = PBXGroup;
			children = (
				832EF3A82B819BB90066A1BF /* HardwareKeyboardLanguageView.swift */,
				832EF3A62B819B2E0066A1BF /* ModifierKeysView.swift */,
			);
			path = "Hardware Keyboard";
			sourceTree = "<group>";
		};
		833F0AC32B744D180036EAD2 = {
			isa = PBXGroup;
			children = (
				833F0ACE2B744D180036EAD2 /* Preferences */,
				833F0ACD2B744D180036EAD2 /* Products */,
			);
			sourceTree = "<group>";
		};
		833F0ACD2B744D180036EAD2 /* Products */ = {
			isa = PBXGroup;
			children = (
				833F0ACC2B744D180036EAD2 /* Preferences.app */,
			);
			name = Products;
			sourceTree = "<group>";
		};
		833F0ACE2B744D180036EAD2 /* Preferences */ = {
			isa = PBXGroup;
			children = (
				83B893C12B8FDD94005705A3 /* README.md */,
				83CC61982B7952B800DAF0C1 /* Info.plist */,
				83B893BE2B8FDBDB005705A3 /* Resources */,
				838C23272B746D6B0053D4C5 /* Templates */,
				838C23242B746D200053D4C5 /* Models */,
				838C23212B7468870053D4C5 /* Views */,
				833F0ACF2B744D180036EAD2 /* PreferencesApp.swift */,
				833F0AD12B744D180036EAD2 /* ContentView.swift */,
				833F0AD32B744D190036EAD2 /* Assets.xcassets */,
				833F0AD52B744D190036EAD2 /* Preview Content */,
			);
			path = Preferences;
			sourceTree = "<group>";
		};
		833F0AD52B744D190036EAD2 /* Preview Content */ = {
			isa = PBXGroup;
			children = (
				833F0AD62B744D190036EAD2 /* Preview Assets.xcassets */,
			);
			path = "Preview Content";
			sourceTree = "<group>";
		};
		835683952B754ED3000FB136 /* About */ = {
			isa = PBXGroup;
			children = (
				835683962B754EE4000FB136 /* VersionView.swift */,
				835683982B7551D3000FB136 /* CertificateTrustSettingsView.swift */,
			);
			path = About;
			sourceTree = "<group>";
		};
		83585B6F2B8847230046A0C3 /* Maps */ = {
			isa = PBXGroup;
			children = (
				83585B702B88475A0046A0C3 /* DrivingView.swift */,
				83585B722B8847A70046A0C3 /* WalkingView.swift */,
				83585B742B8848110046A0C3 /* TransitView.swift */,
				83585B762B8848430046A0C3 /* CyclingView.swift */,
			);
			path = Maps;
			sourceTree = "<group>";
		};
		8373E7302B910ADD004285EA /* Sheets */ = {
			isa = PBXGroup;
			children = (
				8373E7312B910AF8004285EA /* AppWebsiteActivitySheetView.swift */,
				8373E7332B9162BD004285EA /* ScreenDistanceSheetView.swift */,
				8373E7352B91660F004285EA /* SensitivePhotosVideosProtectionSheetView.swift */,
			);
			path = Sheets;
			sourceTree = "<group>";
		};
		837B0F5C2B89985C00B22455 /* Language */ = {
			isa = PBXGroup;
			children = (
				837B0F5D2B89986B00B22455 /* EnglishIndiaView.swift */,
			);
			path = Language;
			sourceTree = "<group>";
		};
		837C03052B7F1917004D6C71 /* Content & Privacy Restrictions */ = {
			isa = PBXGroup;
			children = (
				832EF38D2B81268A0066A1BF /* Location Services */,
				8382739F2B7F28CA000F4228 /* Content Restrictions */,
				837C03062B7F192F004D6C71 /* AppInstallationsPurchasesView.swift */,
				8382739B2B7F21E4000F4228 /* AllowedAppsView.swift */,
				8382739D2B7F25D4000F4228 /* ContentRestrictionsView.swift */,
				832EF3892B8071C00066A1BF /* RestrictionsLocationServicesView.swift */,
				832EF3942B8182550066A1BF /* ContentPrivacyRestrictionsDetailView.swift */,
			);
			path = "Content & Privacy Restrictions";
			sourceTree = "<group>";
		};
		837F1DD22B8AF2A400665EAB /* AutoFill */ = {
			isa = PBXGroup;
			children = (
				837F1DD32B8AF2B400665EAB /* CreditCardsView.swift */,
			);
			path = AutoFill;
			sourceTree = "<group>";
		};
		837F1DD72B8AF40C00665EAB /* Accessibility */ = {
			isa = PBXGroup;
			children = (
				83B893B72B8FCB7D005705A3 /* Hover Text */,
				83D31F8E2B8E44C90057CFDB /* Touch */,
				83D31F6D2B8D1DB20057CFDB /* Display & Text Size */,
				83D31F742B8D486B0057CFDB /* Speak Selection */,
				83F78A102B8E7F5900025062 /* Keyboards */,
				83F78A242B8E9AA500025062 /* Subtitles & Captioning */,
				83F78A292B8EA37600025062 /* Live Speech */,
				83B893B52B8FC844005705A3 /* HoverTextView.swift */,
				833F190A2B8BE05A00067C37 /* DisplayTextSizeView.swift */,
				83D31F702B8D22DD0057CFDB /* MotionView.swift */,
				83D31F722B8D458E0057CFDB /* SpeakSelectionView.swift */,
				83D31F8C2B8E41110057CFDB /* TouchView.swift */,
				83B893BC2B8FD82D005705A3 /* FaceAttentionView.swift */,
				83F78A0E2B8E7D5000025062 /* ControlNearbyDevicesView.swift */,
				83F78A112B8E7F6D00025062 /* AccessibilityKeyboardsView.swift */,
				83F78A222B8E99D200025062 /* SubtitlesCaptioningView.swift */,
				83F78A272B8EA1FF00025062 /* LiveSpeechView.swift */,
			);
			path = Accessibility;
			sourceTree = "<group>";
		};
		8382739F2B7F28CA000F4228 /* Content Restrictions */ = {
			isa = PBXGroup;
			children = (
				838273A02B7F28D6000F4228 /* MoviesView.swift */,
				838273A22B7FD37B000F4228 /* TVView.swift */,
				838273A42B7FD4CF000F4228 /* AppsView.swift */,
				83D4CB752B7FF0B000D6087D /* WebContentView.swift */,
			);
			path = "Content Restrictions";
			sourceTree = "<group>";
		};
		83898FC82B8A8EF20020C7BB /* Health */ = {
			isa = PBXGroup;
			children = (
				83898FCB2B8A94A20020C7BB /* Health Details */,
				83898FC92B8A8F210020C7BB /* HealthDetailsView.swift */,
				83898FCE2B8A9A1F0020C7BB /* MedicalView.swift */,
				83898FD02B8A9F680020C7BB /* DataAccessDevicesView.swift */,
			);
			path = Health;
			sourceTree = "<group>";
		};
		83898FCB2B8A94A20020C7BB /* Health Details */ = {
			isa = PBXGroup;
			children = (
				83898FCC2B8A94BE0020C7BB /* HealthDetailsDataView.swift */,
			);
			path = "Health Details";
			sourceTree = "<group>";
		};
		83898FD22B8AA2240020C7BB /* Shortcuts */ = {
			isa = PBXGroup;
			children = (
				83898FD32B8AA25A0020C7BB /* ShortcutsAdvancedView.swift */,
			);
			path = Shortcuts;
			sourceTree = "<group>";
		};
		838A9EC02B7E81D900ED261C /* Screen Time */ = {
			isa = PBXGroup;
			children = (
				8373E7302B910ADD004285EA /* Sheets */,
				837C03052B7F1917004D6C71 /* Content & Privacy Restrictions */,
				83B619CA2B93EE2400EFEA90 /* AppWebsiteActivityView.swift */,
				83B619CC2B93F91500EFEA90 /* DowntimeView.swift */,
				83B619CE2B941B9C00EFEA90 /* AppLimitsView.swift */,
				83B619C82B93DEBD00EFEA90 /* ScreenDistanceView.swift */,
				8373E7372B9168C9004285EA /* CommunicationSafetyView.swift */,
				838A9EC12B7E81EC00ED261C /* ContentPrivacyRestrictionsView.swift */,
				83B619D02B941C4F00EFEA90 /* AlwaysAllowedView.swift */,
			);
			path = "Screen Time";
			sourceTree = "<group>";
		};
		838C23212B7468870053D4C5 /* Views */ = {
			isa = PBXGroup;
			children = (
				838A9EC02B7E81D900ED261C /* Screen Time */,
				838C232C2B74974B0053D4C5 /* General */,
				837F1DD72B8AF40C00665EAB /* Accessibility */,
				832928472B857763006611CF /* Privacy & Security */,
				8319CE472B86D17B007EC822 /* Passwords */,
				83D3085A2B8AC28B002A9B7F /* Safari */,
				83DF95722B841EFB00AEEB63 /* Translate */,
				83585B6F2B8847230046A0C3 /* Maps */,
				83898FD22B8AA2240020C7BB /* Shortcuts */,
				83898FC82B8A8EF20020C7BB /* Health */,
				83DF95772B84390D00AEEB63 /* Siri & Search */,
				83F626D22B827EEC00ED343F /* Developer */,
				838C23282B748F3B0053D4C5 /* ScreenTimeView.swift */,
				83815CFA2B76908700F53A0F /* ActionButtonView.swift */,
				838C23222B746CF90053D4C5 /* GeneralView.swift */,
				83815CE02B768CF300F53A0F /* MultitaskingGesturesView.swift */,
				83815CDE2B768C2200F53A0F /* AccessibilityView.swift */,
				83815CE22B768D5800F53A0F /* PrivacySecurityView.swift */,
				83815CE42B768DBA00F53A0F /* PasswordsView.swift */,
				83815CE62B768DF100F53A0F /* SafariView.swift */,
				83815CE82B768E3600F53A0F /* NewsView.swift */,
				83815CEA2B768E4A00F53A0F /* TranslateView.swift */,
				83815CEC2B768E8300F53A0F /* MapsView.swift */,
				83815CEE2B768EF000F53A0F /* ShortcutsView.swift */,
				83815CF02B768F0500F53A0F /* HealthView.swift */,
				83815CF22B768F1E00F53A0F /* SiriSearchView.swift */,
				83815CF42B768F3600F53A0F /* PhotosView.swift */,
				83815CF62B768F4800F53A0F /* GameCenterView.swift */,
				83815CF82B768F5C00F53A0F /* DeveloperView.swift */,
			);
			path = Views;
			sourceTree = "<group>";
		};
		838C23242B746D200053D4C5 /* Models */ = {
			isa = PBXGroup;
			children = (
				838C23252B746D290053D4C5 /* SettingsModel.swift */,
			);
			path = Models;
			sourceTree = "<group>";
		};
		838C23272B746D6B0053D4C5 /* Templates */ = {
			isa = PBXGroup;
			children = (
				838C232A2B7492170053D4C5 /* CustomList.swift */,
				838C232F2B74978C0053D4C5 /* HText.swift */,
				835683912B753FDD000FB136 /* SettingsLink.swift */,
				835683932B754623000FB136 /* SettingsLabel.swift */,
				83B98E2F2B7C087B007F6C94 /* IconToggle.swift */,
				838A9EC32B7E823300ED261C /* CustomNavigationLink.swift */,
				837C03082B7F1AE0004D6C71 /* SelectOptionList.swift */,
				83DF95752B84266E00AEEB63 /* SiriSearchDetailView.swift */,
				8329284A2B8578F4006611CF /* AppPermissionsView.swift */,
			);
			path = Templates;
			sourceTree = "<group>";
		};
		838C232C2B74974B0053D4C5 /* General */ = {
			isa = PBXGroup;
			children = (
				835683952B754ED3000FB136 /* About */,
				832EF3992B8192930066A1BF /* Keyboard */,
				832EF3962B818EE80066A1BF /* Language & Region */,
				838C232D2B7497530053D4C5 /* AboutView.swift */,
				8356839A2B755AB3000FB136 /* KeyboardView.swift */,
				83F3F6A42B7D16F6003CC310 /* GameControllerView.swift */,
				83F3F6A62B7D2BAA003CC310 /* FontsView.swift */,
				83F3F6A02B7D12B6003CC310 /* DictionaryView.swift */,
				83F3F6A82B7D2EFE003CC310 /* LanguageRegionView.swift */,
				83F3F6A22B7D1454003CC310 /* VPNDeviceManagementView.swift */,
			);
			path = General;
			sourceTree = "<group>";
		};
		83B893B72B8FCB7D005705A3 /* Hover Text */ = {
			isa = PBXGroup;
			children = (
				83B893B82B8FCE5F005705A3 /* HoverTextFontView.swift */,
				83B893BA2B8FD381005705A3 /* HoverTextSizeView.swift */,
			);
			path = "Hover Text";
			sourceTree = "<group>";
		};
		83B893BE2B8FDBDB005705A3 /* Resources */ = {
			isa = PBXGroup;
			children = (
				83B893BF2B8FDBE8005705A3 /* iPhone15_Pro_NaturalTitanium_v0005-D83-D84.usdz */,
			);
			path = Resources;
			sourceTree = "<group>";
		};
		83D3085A2B8AC28B002A9B7F /* Safari */ = {
			isa = PBXGroup;
			children = (
				837F1DD22B8AF2A400665EAB /* AutoFill */,
				83D3085D2B8AC3CA002A9B7F /* Advanced */,
				837F1DD52B8AF31F00665EAB /* QuickWebsiteSearchView.swift */,
				837F1DD02B8AF1C500665EAB /* AutoFillView.swift */,
				837F1DCE2B8AF13600665EAB /* FavoritesView.swift */,
				837F1DCC2B8AF0D400665EAB /* ExtensionsView.swift */,
				837F1DCA2B8AEF1A00665EAB /* DownloadsView.swift */,
				837F1DC42B8AEC1E00665EAB /* HideAddressView.swift */,
				83D3086E2B8AD4E7002A9B7F /* PageZoomView.swift */,
				83D3086C2B8AD2BC002A9B7F /* RequestDesktopWebsiteView.swift */,
				83D3086A2B8AD1F3002A9B7F /* SafariReaderView.swift */,
				83D308682B8AD145002A9B7F /* SafariCameraView.swift */,
				83D308662B8AD059002A9B7F /* SafariMicrophoneView.swift */,
				83D308642B8ACF48002A9B7F /* SafariLocationView.swift */,
				83D3085B2B8AC2FA002A9B7F /* SafariAdvancedView.swift */,
			);
			path = Safari;
			sourceTree = "<group>";
		};
		83D3085D2B8AC3CA002A9B7F /* Advanced */ = {
			isa = PBXGroup;
			children = (
				83D308622B8ACD22002A9B7F /* WebsiteDataView.swift */,
				83D308602B8ACC8C002A9B7F /* AdvancedTrackingFingerprintingProtectionView.swift */,
				83D3085E2B8AC3D3002A9B7F /* FeatureFlagsView.swift */,
			);
			path = Advanced;
			sourceTree = "<group>";
		};
		83D31F6D2B8D1DB20057CFDB /* Display & Text Size */ = {
			isa = PBXGroup;
			children = (
				83D31F6E2B8D1DCB0057CFDB /* LargerTextView.swift */,
			);
			path = "Display & Text Size";
			sourceTree = "<group>";
		};
		83D31F742B8D486B0057CFDB /* Speak Selection */ = {
			isa = PBXGroup;
			children = (
				83D31F772B8D49780057CFDB /* Pronunciations */,
				83D31F812B8D9A840057CFDB /* Highlight Content */,
				83D31F862B8E3D9D0057CFDB /* Voices */,
				83D31F752B8D48870057CFDB /* PronunciationsView.swift */,
				83D31F7F2B8D74A10057CFDB /* HighlightContentView.swift */,
				83D31F842B8E3C640057CFDB /* SpeakSelectionVoicesView.swift */,
			);
			path = "Speak Selection";
			sourceTree = "<group>";
		};
		83D31F772B8D49780057CFDB /* Pronunciations */ = {
			isa = PBXGroup;
			children = (
				83D31F7A2B8D5F630057CFDB /* Replacement */,
				83D31F782B8D49820057CFDB /* ReplacementView.swift */,
			);
			path = Pronunciations;
			sourceTree = "<group>";
		};
		83D31F7A2B8D5F630057CFDB /* Replacement */ = {
			isa = PBXGroup;
			children = (
				83D31F7B2B8D67460057CFDB /* PronunciationLanguagesView.swift */,
				83D31F7D2B8D707D0057CFDB /* PronunciationVoicesView.swift */,
			);
			path = Replacement;
			sourceTree = "<group>";
		};
		83D31F812B8D9A840057CFDB /* Highlight Content */ = {
			isa = PBXGroup;
			children = (
				83D31F822B8D9AAC0057CFDB /* HighlightColorView.swift */,
			);
			path = "Highlight Content";
			sourceTree = "<group>";
		};
		83D31F862B8E3D9D0057CFDB /* Voices */ = {
			isa = PBXGroup;
			children = (
				83D31F892B8E3DEE0057CFDB /* Voice */,
				83D31F872B8E3DA90057CFDB /* SpeakSelectionVoiceDetailView.swift */,
			);
			path = Voices;
			sourceTree = "<group>";
		};
		83D31F892B8E3DEE0057CFDB /* Voice */ = {
			isa = PBXGroup;
			children = (
				83D31F8A2B8E3DF60057CFDB /* VoiceDetailView.swift */,
			);
			path = Voice;
			sourceTree = "<group>";
		};
		83D31F8E2B8E44C90057CFDB /* Touch */ = {
			isa = PBXGroup;
			children = (
				83D31F912B8E639E0057CFDB /* AssistiveTouch */,
				83D31F8F2B8E44E60057CFDB /* AssistiveTouchView.swift */,
			);
			path = Touch;
			sourceTree = "<group>";
		};
		83D31F912B8E639E0057CFDB /* AssistiveTouch */ = {
			isa = PBXGroup;
			children = (
				83D31F982B8E6AE40057CFDB /* Hot Corners */,
				83D31F922B8E643E0057CFDB /* FallbackActionView.swift */,
				83D31F942B8E64550057CFDB /* MovementToleranceView.swift */,
				83D31F962B8E645D0057CFDB /* HotCornersView.swift */,
			);
			path = AssistiveTouch;
			sourceTree = "<group>";
		};
		83D31F982B8E6AE40057CFDB /* Hot Corners */ = {
			isa = PBXGroup;
			children = (
				83D31F992B8E6B360057CFDB /* HotCornersDetailView.swift */,
			);
			path = "Hot Corners";
			sourceTree = "<group>";
		};
		83DF95722B841EFB00AEEB63 /* Translate */ = {
			isa = PBXGroup;
			children = (
				83DF95732B841F0900AEEB63 /* DownloadedLanguagesView.swift */,
			);
			path = Translate;
			sourceTree = "<group>";
		};
		83DF95772B84390D00AEEB63 /* Siri & Search */ = {
			isa = PBXGroup;
			children = (
				837B0F5C2B89985C00B22455 /* Language */,
				83DF95782B84391E00AEEB63 /* SiriAppClipsView.swift */,
				837B0F5A2B8989E000B22455 /* SiriLanguageView.swift */,
				837B0F5F2B89B22900B22455 /* SiriVoiceView.swift */,
				837B0F612B89B49B00B22455 /* SiriResponsesView.swift */,
				837B0F632B89B5E700B22455 /* SiriDictationHistoryView.swift */,
			);
			path = "Siri & Search";
			sourceTree = "<group>";
		};
		83F626D22B827EEC00ED343F /* Developer */ = {
			isa = PBXGroup;
			children = (
				83F626D32B827F0C00ED343F /* DisplayZoomView.swift */,
				83F626D52B82884300ED343F /* AirPlaySuggestionsView.swift */,
				83F626D72B8289E100ED343F /* TVProviderView.swift */,
				83F626D92B828E8C00ED343F /* TVAppView.swift */,
			);
			path = Developer;
			sourceTree = "<group>";
		};
		83F78A102B8E7F5900025062 /* Keyboards */ = {
			isa = PBXGroup;
			children = (
				83F78A152B8E886400025062 /* Full Keyboard Access */,
				83F78A132B8E87BF00025062 /* FullKeyboardAccessView.swift */,
				83F78A1C2B8E90F300025062 /* KeyRepeatView.swift */,
				83F78A1E2B8E92AD00025062 /* StickyKeysView.swift */,
				83F78A202B8E935300025062 /* SlowKeysView.swift */,
			);
			path = Keyboards;
			sourceTree = "<group>";
		};
		83F78A152B8E886400025062 /* Full Keyboard Access */ = {
			isa = PBXGroup;
			children = (
				83F78A162B8E888600025062 /* KeyboardCommandsView.swift */,
				83F78A182B8E8CFD00025062 /* AutoHideView.swift */,
				83F78A1A2B8E8E3900025062 /* KeyboardColorView.swift */,
			);
			path = "Full Keyboard Access";
			sourceTree = "<group>";
		};
		83F78A242B8E9AA500025062 /* Subtitles & Captioning */ = {
			isa = PBXGroup;
			children = (
				83F78A252B8E9ABB00025062 /* StyleView.swift */,
			);
			path = "Subtitles & Captioning";
			sourceTree = "<group>";
		};
		83F78A292B8EA37600025062 /* Live Speech */ = {
			isa = PBXGroup;
			children = (
				83F78A2E2B8EA3CB00025062 /* Favorite Phrases */,
				83F78A2A2B8EA38300025062 /* FavoritePhrasesView.swift */,
			);
			path = "Live Speech";
			sourceTree = "<group>";
		};
		83F78A2E2B8EA3CB00025062 /* Favorite Phrases */ = {
			isa = PBXGroup;
			children = (
				83F78A2C2B8EA3C900025062 /* AddFavoritePhraseView.swift */,
			);
			path = "Favorite Phrases";
			sourceTree = "<group>";
		};
/* End PBXGroup section */

/* Begin PBXNativeTarget section */
		833F0ACB2B744D180036EAD2 /* Preferences */ = {
			isa = PBXNativeTarget;
			buildConfigurationList = 833F0ADA2B744D190036EAD2 /* Build configuration list for PBXNativeTarget "Preferences" */;
			buildPhases = (
				833F0AC82B744D180036EAD2 /* Sources */,
				833F0AC92B744D180036EAD2 /* Frameworks */,
				833F0ACA2B744D180036EAD2 /* Resources */,
			);
			buildRules = (
			);
			dependencies = (
			);
			name = Preferences;
			productName = Preferences;
			productReference = 833F0ACC2B744D180036EAD2 /* Preferences.app */;
			productType = "com.apple.product-type.application";
		};
/* End PBXNativeTarget section */

/* Begin PBXProject section */
		833F0AC42B744D180036EAD2 /* Project object */ = {
			isa = PBXProject;
			attributes = {
				BuildIndependentTargetsInParallel = 1;
				LastSwiftUpdateCheck = 1530;
				LastUpgradeCheck = 1530;
				TargetAttributes = {
					833F0ACB2B744D180036EAD2 = {
						CreatedOnToolsVersion = 15.3;
					};
				};
			};
			buildConfigurationList = 833F0AC72B744D180036EAD2 /* Build configuration list for PBXProject "Preferences" */;
			compatibilityVersion = "Xcode 14.0";
			developmentRegion = en;
			hasScannedForEncodings = 0;
			knownRegions = (
				en,
				Base,
			);
			mainGroup = 833F0AC32B744D180036EAD2;
			productRefGroup = 833F0ACD2B744D180036EAD2 /* Products */;
			projectDirPath = "";
			projectRoot = "";
			targets = (
				833F0ACB2B744D180036EAD2 /* Preferences */,
			);
		};
/* End PBXProject section */

/* Begin PBXResourcesBuildPhase section */
		833F0ACA2B744D180036EAD2 /* Resources */ = {
			isa = PBXResourcesBuildPhase;
			buildActionMask = 2147483647;
			files = (
				83B893C02B8FDBE8005705A3 /* iPhone15_Pro_NaturalTitanium_v0005-D83-D84.usdz in Resources */,
				833F0AD72B744D190036EAD2 /* Preview Assets.xcassets in Resources */,
				833F0AD42B744D190036EAD2 /* Assets.xcassets in Resources */,
			);
			runOnlyForDeploymentPostprocessing = 0;
		};
/* End PBXResourcesBuildPhase section */

/* Begin PBXSourcesBuildPhase section */
		833F0AC82B744D180036EAD2 /* Sources */ = {
			isa = PBXSourcesBuildPhase;
			buildActionMask = 2147483647;
			files = (
				83B98E302B7C087B007F6C94 /* IconToggle.swift in Sources */,
				83B893B62B8FC844005705A3 /* HoverTextView.swift in Sources */,
				838A9EC22B7E81EC00ED261C /* ContentPrivacyRestrictionsView.swift in Sources */,
				832EF3A72B819B2E0066A1BF /* ModifierKeysView.swift in Sources */,
				83F78A0F2B8E7D5000025062 /* ControlNearbyDevicesView.swift in Sources */,
				838C23262B746D290053D4C5 /* SettingsModel.swift in Sources */,
				8373E7322B910AF8004285EA /* AppWebsiteActivitySheetView.swift in Sources */,
				832EF39D2B8193B50066A1BF /* OneHandedKeyboardView.swift in Sources */,
				83F78A142B8E87BF00025062 /* FullKeyboardAccessView.swift in Sources */,
				832EF3AB2B819C2A0066A1BF /* KeyboardsView.swift in Sources */,
				83585B712B88475A0046A0C3 /* DrivingView.swift in Sources */,
				832EF3932B8179070066A1BF /* SystemServicesView.swift in Sources */,
				83815CDF2B768C2200F53A0F /* AccessibilityView.swift in Sources */,
				832EF3912B8172560066A1BF /* AppClipsView.swift in Sources */,
				83D3086F2B8AD4E7002A9B7F /* PageZoomView.swift in Sources */,
				83815CEF2B768EF000F53A0F /* ShortcutsView.swift in Sources */,
				837B0F5E2B89986B00B22455 /* EnglishIndiaView.swift in Sources */,
				833F190B2B8BE05A00067C37 /* DisplayTextSizeView.swift in Sources */,
				83D31F832B8D9AAC0057CFDB /* HighlightColorView.swift in Sources */,
				83F3F6A12B7D12B6003CC310 /* DictionaryView.swift in Sources */,
				8356839B2B755AB3000FB136 /* KeyboardView.swift in Sources */,
				838C232E2B7497530053D4C5 /* AboutView.swift in Sources */,
				837F1DCB2B8AEF1A00665EAB /* DownloadsView.swift in Sources */,
				8319CE492B86D198007EC822 /* SecurityRecommendationsView.swift in Sources */,
				832EF38A2B8071C00066A1BF /* RestrictionsLocationServicesView.swift in Sources */,
				838C23292B748F3B0053D4C5 /* ScreenTimeView.swift in Sources */,
				83B893B92B8FCE5F005705A3 /* HoverTextFontView.swift in Sources */,
				83815CE52B768DBA00F53A0F /* PasswordsView.swift in Sources */,
				83D31F732B8D458E0057CFDB /* SpeakSelectionView.swift in Sources */,
				83815CF72B768F4800F53A0F /* GameCenterView.swift in Sources */,
				83D31F952B8E64550057CFDB /* MovementToleranceView.swift in Sources */,
				83815CF52B768F3600F53A0F /* PhotosView.swift in Sources */,
				83F78A2D2B8EA3C900025062 /* AddFavoritePhraseView.swift in Sources */,
				83D3085F2B8AC3D3002A9B7F /* FeatureFlagsView.swift in Sources */,
				832EF3982B8190430066A1BF /* DateFormatView.swift in Sources */,
				83D31F6F2B8D1DCB0057CFDB /* LargerTextView.swift in Sources */,
				837F1DC52B8AEC1E00665EAB /* HideAddressView.swift in Sources */,
				8382739C2B7F21E4000F4228 /* AllowedAppsView.swift in Sources */,
				832928492B85779D006611CF /* TrackingView.swift in Sources */,
				83B619CB2B93EE2400EFEA90 /* AppWebsiteActivityView.swift in Sources */,
				83B619CD2B93F91500EFEA90 /* DowntimeView.swift in Sources */,
				83815CF32B768F1E00F53A0F /* SiriSearchView.swift in Sources */,
				83F3F6A92B7D2EFE003CC310 /* LanguageRegionView.swift in Sources */,
				837B0F642B89B5E700B22455 /* SiriDictationHistoryView.swift in Sources */,
				83D3086D2B8AD2BC002A9B7F /* RequestDesktopWebsiteView.swift in Sources */,
				83D308652B8ACF48002A9B7F /* SafariLocationView.swift in Sources */,
				83D308632B8ACD22002A9B7F /* WebsiteDataView.swift in Sources */,
				83F626D42B827F0C00ED343F /* DisplayZoomView.swift in Sources */,
				838A9EC42B7E823300ED261C /* CustomNavigationLink.swift in Sources */,
				832EF39B2B8192A90066A1BF /* DictationShortcutView.swift in Sources */,
				83898FCF2B8A9A1F0020C7BB /* MedicalView.swift in Sources */,
				83F78A262B8E9ABB00025062 /* StyleView.swift in Sources */,
				83D308672B8AD059002A9B7F /* SafariMicrophoneView.swift in Sources */,
				83585B772B8848430046A0C3 /* CyclingView.swift in Sources */,
				83D31F902B8E44E60057CFDB /* AssistiveTouchView.swift in Sources */,
				83F3F6A72B7D2BAA003CC310 /* FontsView.swift in Sources */,
				83F78A1B2B8E8E3900025062 /* KeyboardColorView.swift in Sources */,
				83D31F7C2B8D67460057CFDB /* PronunciationLanguagesView.swift in Sources */,
				83F3F6A52B7D16F6003CC310 /* GameControllerView.swift in Sources */,
				83898FD12B8A9F680020C7BB /* DataAccessDevicesView.swift in Sources */,
				83B619D12B941C4F00EFEA90 /* AlwaysAllowedView.swift in Sources */,
				83D31F762B8D48870057CFDB /* PronunciationsView.swift in Sources */,
				832EF3A92B819BB90066A1BF /* HardwareKeyboardLanguageView.swift in Sources */,
				83B619C92B93DEBD00EFEA90 /* ScreenDistanceView.swift in Sources */,
				837C03072B7F192F004D6C71 /* AppInstallationsPurchasesView.swift in Sources */,
				83815CE32B768D5800F53A0F /* PrivacySecurityView.swift in Sources */,
				83898FD42B8AA25A0020C7BB /* ShortcutsAdvancedView.swift in Sources */,
				835683942B754623000FB136 /* SettingsLabel.swift in Sources */,
				83F3F6A32B7D1454003CC310 /* VPNDeviceManagementView.swift in Sources */,
				832EF38F2B814EC80066A1BF /* LocationPermissionsDetailView.swift in Sources */,
				83F78A192B8E8CFD00025062 /* AutoHideView.swift in Sources */,
				83D31F712B8D22DD0057CFDB /* MotionView.swift in Sources */,
				83DF95762B84266E00AEEB63 /* SiriSearchDetailView.swift in Sources */,
				837F1DD42B8AF2B400665EAB /* CreditCardsView.swift in Sources */,
				83815CF92B768F5C00F53A0F /* DeveloperView.swift in Sources */,
				8373E7342B9162BD004285EA /* ScreenDistanceSheetView.swift in Sources */,
				83D308612B8ACC8C002A9B7F /* AdvancedTrackingFingerprintingProtectionView.swift in Sources */,
				838273A52B7FD4CF000F4228 /* AppsView.swift in Sources */,
				8382739E2B7F25D4000F4228 /* ContentRestrictionsView.swift in Sources */,
				8329284E2B8580B3006611CF /* HeadphoneAudioLevelsView.swift in Sources */,
				838273A32B7FD37B000F4228 /* TVView.swift in Sources */,
				837B0F5B2B8989E000B22455 /* SiriLanguageView.swift in Sources */,
				83F626D82B8289E100ED343F /* TVProviderView.swift in Sources */,
				83815CE92B768E3600F53A0F /* NewsView.swift in Sources */,
				83F626DA2B828E8C00ED343F /* TVAppView.swift in Sources */,
				83898FCA2B8A8F210020C7BB /* HealthDetailsView.swift in Sources */,
				832EF3952B8182550066A1BF /* ContentPrivacyRestrictionsDetailView.swift in Sources */,
				8373E7362B91660F004285EA /* SensitivePhotosVideosProtectionSheetView.swift in Sources */,
				83D31F972B8E645D0057CFDB /* HotCornersView.swift in Sources */,
				835683922B753FDD000FB136 /* SettingsLink.swift in Sources */,
				835683972B754EE4000FB136 /* VersionView.swift in Sources */,
				83F78A2B2B8EA38300025062 /* FavoritePhrasesView.swift in Sources */,
				83D31F8D2B8E41110057CFDB /* TouchView.swift in Sources */,
				83F78A282B8EA1FF00025062 /* LiveSpeechView.swift in Sources */,
				83B893BD2B8FD82D005705A3 /* FaceAttentionView.swift in Sources */,
				83898FCD2B8A94BE0020C7BB /* HealthDetailsDataView.swift in Sources */,
				83F78A232B8E99D200025062 /* SubtitlesCaptioningView.swift in Sources */,
				837B0F602B89B22900B22455 /* SiriVoiceView.swift in Sources */,
				83DF95742B841F0900AEEB63 /* DownloadedLanguagesView.swift in Sources */,
				837F1DD62B8AF31F00665EAB /* QuickWebsiteSearchView.swift in Sources */,
				832EF38C2B81264E0066A1BF /* LocationAlertsView.swift in Sources */,
				832EF39F2B8197980066A1BF /* TextReplacementView.swift in Sources */,
				83F78A122B8E7F6D00025062 /* AccessibilityKeyboardsView.swift in Sources */,
				83D31F852B8E3C640057CFDB /* SpeakSelectionVoicesView.swift in Sources */,
				83D31F792B8D49820057CFDB /* ReplacementView.swift in Sources */,
				83D308692B8AD145002A9B7F /* SafariCameraView.swift in Sources */,
				83815CF12B768F0500F53A0F /* HealthView.swift in Sources */,
				83F626D62B82884300ED343F /* AirPlaySuggestionsView.swift in Sources */,
				83815CE72B768DF100F53A0F /* SafariView.swift in Sources */,
				8373E7382B9168C9004285EA /* CommunicationSafetyView.swift in Sources */,
				8319CE4F2B86DB44007EC822 /* SensitiveContentWarningView.swift in Sources */,
				83D31F9A2B8E6B360057CFDB /* HotCornersDetailView.swift in Sources */,
				8329284B2B8578F4006611CF /* AppPermissionsView.swift in Sources */,
				83815CED2B768E8300F53A0F /* MapsView.swift in Sources */,
				83D31F8B2B8E3DF60057CFDB /* VoiceDetailView.swift in Sources */,
				83F78A1F2B8E92AD00025062 /* StickyKeysView.swift in Sources */,
				832EF3A22B8198570066A1BF /* AddTextReplacementView.swift in Sources */,
				835683992B7551D3000FB136 /* CertificateTrustSettingsView.swift in Sources */,
				838C23232B746CF90053D4C5 /* GeneralView.swift in Sources */,
				83585B732B8847A70046A0C3 /* WalkingView.swift in Sources */,
				833F0AD22B744D180036EAD2 /* ContentView.swift in Sources */,
				83F78A1D2B8E90F300025062 /* KeyRepeatView.swift in Sources */,
				8319CE512B86DF8A007EC822 /* AppleAdvertisingView.swift in Sources */,
				83D31F7E2B8D707D0057CFDB /* PronunciationVoicesView.swift in Sources */,
				83D4CB762B7FF0B000D6087D /* WebContentView.swift in Sources */,
				83815CFB2B76908700F53A0F /* ActionButtonView.swift in Sources */,
				8319CE4D2B86D380007EC822 /* SafetyCheckView.swift in Sources */,
				837C03092B7F1AE0004D6C71 /* SelectOptionList.swift in Sources */,
				83F78A212B8E935300025062 /* SlowKeysView.swift in Sources */,
				83D31F932B8E643E0057CFDB /* FallbackActionView.swift in Sources */,
				837F1DD12B8AF1C500665EAB /* AutoFillView.swift in Sources */,
				83B619CF2B941B9C00EFEA90 /* AppLimitsView.swift in Sources */,
				83DF95792B84391F00AEEB63 /* SiriAppClipsView.swift in Sources */,
				83815CEB2B768E4A00F53A0F /* TranslateView.swift in Sources */,
				83D3086B2B8AD1F3002A9B7F /* SafariReaderView.swift in Sources */,
				83D3085C2B8AC2FA002A9B7F /* SafariAdvancedView.swift in Sources */,
				838273A12B7F28D6000F4228 /* MoviesView.swift in Sources */,
				83F78A172B8E888600025062 /* KeyboardCommandsView.swift in Sources */,
				83815CE12B768CF300F53A0F /* MultitaskingGesturesView.swift in Sources */,
				837F1DCD2B8AF0D400665EAB /* ExtensionsView.swift in Sources */,
				83D31F802B8D74A10057CFDB /* HighlightContentView.swift in Sources */,
				838C232B2B7492170053D4C5 /* CustomList.swift in Sources */,
				838C23302B74978C0053D4C5 /* HText.swift in Sources */,
				83585B752B8848110046A0C3 /* TransitView.swift in Sources */,
				833F0AD02B744D180036EAD2 /* PreferencesApp.swift in Sources */,
				83D31F882B8E3DA90057CFDB /* SpeakSelectionVoiceDetailView.swift in Sources */,
				83B893BB2B8FD381005705A3 /* HoverTextSizeView.swift in Sources */,
				837F1DCF2B8AF13600665EAB /* FavoritesView.swift in Sources */,
				832EF3A42B8199FA0066A1BF /* HardwareKeyboardView.swift in Sources */,
				837B0F622B89B49B00B22455 /* SiriResponsesView.swift in Sources */,
				8319CE4B2B86D22E007EC822 /* PasswordOptionsView.swift in Sources */,
			);
			runOnlyForDeploymentPostprocessing = 0;
		};
/* End PBXSourcesBuildPhase section */

/* Begin XCBuildConfiguration section */
		833F0AD82B744D190036EAD2 /* Debug */ = {
			isa = XCBuildConfiguration;
			buildSettings = {
				ALWAYS_SEARCH_USER_PATHS = NO;
				ASSETCATALOG_COMPILER_GENERATE_SWIFT_ASSET_SYMBOL_EXTENSIONS = YES;
				CLANG_ANALYZER_NONNULL = YES;
				CLANG_ANALYZER_NUMBER_OBJECT_CONVERSION = YES_AGGRESSIVE;
				CLANG_CXX_LANGUAGE_STANDARD = "gnu++20";
				CLANG_ENABLE_MODULES = YES;
				CLANG_ENABLE_OBJC_ARC = YES;
				CLANG_ENABLE_OBJC_WEAK = YES;
				CLANG_WARN_BLOCK_CAPTURE_AUTORELEASING = YES;
				CLANG_WARN_BOOL_CONVERSION = YES;
				CLANG_WARN_COMMA = YES;
				CLANG_WARN_CONSTANT_CONVERSION = YES;
				CLANG_WARN_DEPRECATED_OBJC_IMPLEMENTATIONS = YES;
				CLANG_WARN_DIRECT_OBJC_ISA_USAGE = YES_ERROR;
				CLANG_WARN_DOCUMENTATION_COMMENTS = YES;
				CLANG_WARN_EMPTY_BODY = YES;
				CLANG_WARN_ENUM_CONVERSION = YES;
				CLANG_WARN_INFINITE_RECURSION = YES;
				CLANG_WARN_INT_CONVERSION = YES;
				CLANG_WARN_NON_LITERAL_NULL_CONVERSION = YES;
				CLANG_WARN_OBJC_IMPLICIT_RETAIN_SELF = YES;
				CLANG_WARN_OBJC_LITERAL_CONVERSION = YES;
				CLANG_WARN_OBJC_ROOT_CLASS = YES_ERROR;
				CLANG_WARN_QUOTED_INCLUDE_IN_FRAMEWORK_HEADER = YES;
				CLANG_WARN_RANGE_LOOP_ANALYSIS = YES;
				CLANG_WARN_STRICT_PROTOTYPES = YES;
				CLANG_WARN_SUSPICIOUS_MOVE = YES;
				CLANG_WARN_UNGUARDED_AVAILABILITY = YES_AGGRESSIVE;
				CLANG_WARN_UNREACHABLE_CODE = YES;
				CLANG_WARN__DUPLICATE_METHOD_MATCH = YES;
				COPY_PHASE_STRIP = NO;
				DEBUG_INFORMATION_FORMAT = dwarf;
				ENABLE_STRICT_OBJC_MSGSEND = YES;
				ENABLE_TESTABILITY = YES;
				ENABLE_USER_SCRIPT_SANDBOXING = YES;
				GCC_C_LANGUAGE_STANDARD = gnu17;
				GCC_DYNAMIC_NO_PIC = NO;
				GCC_NO_COMMON_BLOCKS = YES;
				GCC_OPTIMIZATION_LEVEL = 0;
				GCC_PREPROCESSOR_DEFINITIONS = (
					"DEBUG=1",
					"$(inherited)",
				);
				GCC_WARN_64_TO_32_BIT_CONVERSION = YES;
				GCC_WARN_ABOUT_RETURN_TYPE = YES_ERROR;
				GCC_WARN_UNDECLARED_SELECTOR = YES;
				GCC_WARN_UNINITIALIZED_AUTOS = YES_AGGRESSIVE;
				GCC_WARN_UNUSED_FUNCTION = YES;
				GCC_WARN_UNUSED_VARIABLE = YES;
				IPHONEOS_DEPLOYMENT_TARGET = 17.4;
				LOCALIZATION_PREFERS_STRING_CATALOGS = YES;
				MTL_ENABLE_DEBUG_INFO = INCLUDE_SOURCE;
				MTL_FAST_MATH = YES;
				ONLY_ACTIVE_ARCH = YES;
				SDKROOT = iphoneos;
				SWIFT_ACTIVE_COMPILATION_CONDITIONS = "DEBUG $(inherited)";
				SWIFT_OPTIMIZATION_LEVEL = "-Onone";
			};
			name = Debug;
		};
		833F0AD92B744D190036EAD2 /* Release */ = {
			isa = XCBuildConfiguration;
			buildSettings = {
				ALWAYS_SEARCH_USER_PATHS = NO;
				ASSETCATALOG_COMPILER_GENERATE_SWIFT_ASSET_SYMBOL_EXTENSIONS = YES;
				CLANG_ANALYZER_NONNULL = YES;
				CLANG_ANALYZER_NUMBER_OBJECT_CONVERSION = YES_AGGRESSIVE;
				CLANG_CXX_LANGUAGE_STANDARD = "gnu++20";
				CLANG_ENABLE_MODULES = YES;
				CLANG_ENABLE_OBJC_ARC = YES;
				CLANG_ENABLE_OBJC_WEAK = YES;
				CLANG_WARN_BLOCK_CAPTURE_AUTORELEASING = YES;
				CLANG_WARN_BOOL_CONVERSION = YES;
				CLANG_WARN_COMMA = YES;
				CLANG_WARN_CONSTANT_CONVERSION = YES;
				CLANG_WARN_DEPRECATED_OBJC_IMPLEMENTATIONS = YES;
				CLANG_WARN_DIRECT_OBJC_ISA_USAGE = YES_ERROR;
				CLANG_WARN_DOCUMENTATION_COMMENTS = YES;
				CLANG_WARN_EMPTY_BODY = YES;
				CLANG_WARN_ENUM_CONVERSION = YES;
				CLANG_WARN_INFINITE_RECURSION = YES;
				CLANG_WARN_INT_CONVERSION = YES;
				CLANG_WARN_NON_LITERAL_NULL_CONVERSION = YES;
				CLANG_WARN_OBJC_IMPLICIT_RETAIN_SELF = YES;
				CLANG_WARN_OBJC_LITERAL_CONVERSION = YES;
				CLANG_WARN_OBJC_ROOT_CLASS = YES_ERROR;
				CLANG_WARN_QUOTED_INCLUDE_IN_FRAMEWORK_HEADER = YES;
				CLANG_WARN_RANGE_LOOP_ANALYSIS = YES;
				CLANG_WARN_STRICT_PROTOTYPES = YES;
				CLANG_WARN_SUSPICIOUS_MOVE = YES;
				CLANG_WARN_UNGUARDED_AVAILABILITY = YES_AGGRESSIVE;
				CLANG_WARN_UNREACHABLE_CODE = YES;
				CLANG_WARN__DUPLICATE_METHOD_MATCH = YES;
				COPY_PHASE_STRIP = NO;
				DEBUG_INFORMATION_FORMAT = "dwarf-with-dsym";
				ENABLE_NS_ASSERTIONS = NO;
				ENABLE_STRICT_OBJC_MSGSEND = YES;
				ENABLE_USER_SCRIPT_SANDBOXING = YES;
				GCC_C_LANGUAGE_STANDARD = gnu17;
				GCC_NO_COMMON_BLOCKS = YES;
				GCC_WARN_64_TO_32_BIT_CONVERSION = YES;
				GCC_WARN_ABOUT_RETURN_TYPE = YES_ERROR;
				GCC_WARN_UNDECLARED_SELECTOR = YES;
				GCC_WARN_UNINITIALIZED_AUTOS = YES_AGGRESSIVE;
				GCC_WARN_UNUSED_FUNCTION = YES;
				GCC_WARN_UNUSED_VARIABLE = YES;
				IPHONEOS_DEPLOYMENT_TARGET = 17.4;
				LOCALIZATION_PREFERS_STRING_CATALOGS = YES;
				MTL_ENABLE_DEBUG_INFO = NO;
				MTL_FAST_MATH = YES;
				SDKROOT = iphoneos;
				SWIFT_COMPILATION_MODE = wholemodule;
				VALIDATE_PRODUCT = YES;
			};
			name = Release;
		};
		833F0ADB2B744D190036EAD2 /* Debug */ = {
			isa = XCBuildConfiguration;
			buildSettings = {
				ASSETCATALOG_COMPILER_APPICON_NAME = AppIcon;
				ASSETCATALOG_COMPILER_GLOBAL_ACCENT_COLOR_NAME = AccentColor;
				CODE_SIGN_IDENTITY = "Apple Development";
				CODE_SIGN_STYLE = Automatic;
				CURRENT_PROJECT_VERSION = 1;
				DEVELOPMENT_ASSET_PATHS = "\"Preferences/Preview Content\"";
				DEVELOPMENT_TEAM = "";
				ENABLE_PREVIEWS = YES;
				GENERATE_INFOPLIST_FILE = YES;
				INFOPLIST_FILE = Preferences/Info.plist;
				INFOPLIST_KEY_CFBundleDisplayName = Settings;
				INFOPLIST_KEY_LSApplicationCategoryType = "public.app-category.utilities";
				INFOPLIST_KEY_UIApplicationSupportsIndirectInputEvents = YES;
				INFOPLIST_KEY_UILaunchScreen_Generation = YES;
				INFOPLIST_KEY_UIRequiresFullScreen = YES;
				INFOPLIST_KEY_UISupportedInterfaceOrientations = UIInterfaceOrientationPortrait;
				INFOPLIST_KEY_UISupportedInterfaceOrientations_iPad = "UIInterfaceOrientationLandscapeLeft UIInterfaceOrientationLandscapeRight UIInterfaceOrientationPortrait UIInterfaceOrientationPortraitUpsideDown";
				LD_RUNPATH_SEARCH_PATHS = (
					"$(inherited)",
					"@executable_path/Frameworks",
				);
				MARKETING_VERSION = 1.0;
				PRODUCT_BUNDLE_IDENTIFIER = com.example.Preferences;
				PRODUCT_NAME = "$(TARGET_NAME)";
				PROVISIONING_PROFILE_SPECIFIER = "";
				SUPPORTED_PLATFORMS = "iphoneos iphonesimulator";
				SUPPORTS_MACCATALYST = NO;
				SUPPORTS_MAC_DESIGNED_FOR_IPHONE_IPAD = NO;
				SUPPORTS_XR_DESIGNED_FOR_IPHONE_IPAD = NO;
				SWIFT_EMIT_LOC_STRINGS = YES;
				SWIFT_VERSION = 5.0;
				TARGETED_DEVICE_FAMILY = "1,2";
			};
			name = Debug;
		};
		833F0ADC2B744D190036EAD2 /* Release */ = {
			isa = XCBuildConfiguration;
			buildSettings = {
				ASSETCATALOG_COMPILER_APPICON_NAME = AppIcon;
				ASSETCATALOG_COMPILER_GLOBAL_ACCENT_COLOR_NAME = AccentColor;
				CODE_SIGN_IDENTITY = "Apple Development";
				CODE_SIGN_STYLE = Automatic;
				CURRENT_PROJECT_VERSION = 1;
				DEVELOPMENT_ASSET_PATHS = "\"Preferences/Preview Content\"";
				DEVELOPMENT_TEAM = "";
				ENABLE_PREVIEWS = YES;
				GENERATE_INFOPLIST_FILE = YES;
				INFOPLIST_FILE = Preferences/Info.plist;
				INFOPLIST_KEY_CFBundleDisplayName = Settings;
				INFOPLIST_KEY_LSApplicationCategoryType = "public.app-category.utilities";
				INFOPLIST_KEY_UIApplicationSupportsIndirectInputEvents = YES;
				INFOPLIST_KEY_UILaunchScreen_Generation = YES;
				INFOPLIST_KEY_UIRequiresFullScreen = YES;
				INFOPLIST_KEY_UISupportedInterfaceOrientations = UIInterfaceOrientationPortrait;
				INFOPLIST_KEY_UISupportedInterfaceOrientations_iPad = "UIInterfaceOrientationLandscapeLeft UIInterfaceOrientationLandscapeRight UIInterfaceOrientationPortrait UIInterfaceOrientationPortraitUpsideDown";
				LD_RUNPATH_SEARCH_PATHS = (
					"$(inherited)",
					"@executable_path/Frameworks",
				);
				MARKETING_VERSION = 1.0;
				PRODUCT_BUNDLE_IDENTIFIER = com.example.Preferences;
				PRODUCT_NAME = "$(TARGET_NAME)";
				PROVISIONING_PROFILE_SPECIFIER = "";
				SUPPORTED_PLATFORMS = "iphoneos iphonesimulator";
				SUPPORTS_MACCATALYST = NO;
				SUPPORTS_MAC_DESIGNED_FOR_IPHONE_IPAD = NO;
				SUPPORTS_XR_DESIGNED_FOR_IPHONE_IPAD = NO;
				SWIFT_EMIT_LOC_STRINGS = YES;
				SWIFT_VERSION = 5.0;
				TARGETED_DEVICE_FAMILY = "1,2";
			};
			name = Release;
		};
/* End XCBuildConfiguration section */

/* Begin XCConfigurationList section */
		833F0AC72B744D180036EAD2 /* Build configuration list for PBXProject "Preferences" */ = {
			isa = XCConfigurationList;
			buildConfigurations = (
				833F0AD82B744D190036EAD2 /* Debug */,
				833F0AD92B744D190036EAD2 /* Release */,
			);
			defaultConfigurationIsVisible = 0;
			defaultConfigurationName = Release;
		};
		833F0ADA2B744D190036EAD2 /* Build configuration list for PBXNativeTarget "Preferences" */ = {
			isa = XCConfigurationList;
			buildConfigurations = (
				833F0ADB2B744D190036EAD2 /* Debug */,
				833F0ADC2B744D190036EAD2 /* Release */,
			);
			defaultConfigurationIsVisible = 0;
			defaultConfigurationName = Release;
		};
/* End XCConfigurationList section */
	};
	rootObject = 833F0AC42B744D180036EAD2 /* Project object */;
}
